PODS:
  - AFNetworking (2.6.3):
    - AFNetworking/NSURLConnection (= 2.6.3)
    - AFNetworking/NSURLSession (= 2.6.3)
    - AFNetworking/Reachability (= 2.6.3)
    - AFNetworking/Security (= 2.6.3)
    - AFNetworking/Serialization (= 2.6.3)
    - AFNetworking/UIKit (= 2.6.3)
  - AFNetworking/NSURLConnection (2.6.3):
    - AFNetworking/Reachability
    - AFNetworking/Security
    - AFNetworking/Serialization
  - AFNetworking/NSURLSession (2.6.3):
    - AFNetworking/Reachability
    - AFNetworking/Security
    - AFNetworking/Serialization
  - AFNetworking/Reachability (2.6.3)
  - AFNetworking/Security (2.6.3)
  - AFNetworking/Serialization (2.6.3)
  - AFNetworking/UIKit (2.6.3):
    - AFNetworking/NSURLConnection
    - AFNetworking/NSURLSession
  - EMSpeed (0.2.0):
    - EMSpeed/Core (= 0.2.0)
    - EMSpeed/MSContext (= 0.2.0)
    - EMSpeed/Network (= 0.2.0)
    - EMSpeed/UIKit (= 0.2.0)
  - EMSpeed/Core (0.2.0):
    - SFHFKeychainUtils
  - EMSpeed/MSContext (0.2.0)
  - EMSpeed/Network (0.2.0):
    - AFNetworking
    - EMSpeed/UIKit/Core
  - EMSpeed/UIKit (0.2.0):
    - EMSpeed/UIKit/Animations (= 0.2.0)
    - EMSpeed/UIKit/CollectionModels (= 0.2.0)
    - EMSpeed/UIKit/Core (= 0.2.0)
    - EMSpeed/UIKit/FontAwesome+iOS (= 0.2.0)
    - EMSpeed/UIKit/GuideView (= 0.2.0)
    - EMSpeed/UIKit/MultiPagingView (= 0.2.0)
    - EMSpeed/UIKit/PopupView (= 0.2.0)
    - EMSpeed/UIKit/StatusBar (= 0.2.0)
    - EMSpeed/UIKit/TableModels (= 0.2.0)
    - EMSpeed/UIKit/UIColors (= 0.2.0)
    - EMSpeed/UIKit/UIImages (= 0.2.0)
    - EMSpeed/UIKit/UIKitCollections (= 0.2.0)
    - EMSpeed/UIKit/WebImage (= 0.2.0)
  - EMSpeed/UIKit/Animations (0.2.0):
    - EMSpeed/UIKit/Core
  - EMSpeed/UIKit/CollectionModels (0.2.0):
    - EMSpeed/Core
    - EMSpeed/UIKit/WebImage
  - EMSpeed/UIKit/Core (0.2.0):
    - EMSpeed/Core
  - EMSpeed/UIKit/FontAwesome+iOS (0.2.0)
  - EMSpeed/UIKit/GuideView (0.2.0):
    - EMSpeed/UIKit/Animations
    - EMSpeed/UIKit/Core
  - EMSpeed/UIKit/MultiPagingView (0.2.0):
    - EMSpeed/UIKit/UIKitCollections
    - EMSpeed/UIKit/WebImage
  - EMSpeed/UIKit/PopupView (0.2.0):
    - EMSpeed/MSContext
    - EMSpeed/UIKit/Core
    - EMSpeed/UIKit/UIImages
  - EMSpeed/UIKit/StatusBar (0.2.0):
    - EMSpeed/UIKit/Core
  - EMSpeed/UIKit/TableModels (0.2.0):
    - EMSpeed/UIKit/Core
    - MJRefresh
  - EMSpeed/UIKit/UIColors (0.2.0):
    - EMSpeed/UIKit/Core
  - EMSpeed/UIKit/UIImages (0.2.0):
    - EMSpeed/UIKit/Core
  - EMSpeed/UIKit/UIKitCollections (0.2.0):
    - EMSpeed/MSContext
    - EMSpeed/UIKit/Core
    - EMSpeed/UIKit/UIColors
  - EMSpeed/UIKit/WebImage (0.2.0):
    - EMSpeed/UIKit/UIImages
    - SDWebImage
  - MJRefresh (3.0.7)
  - SDWebImage (3.7.3):
    - SDWebImage/Core (= 3.7.3)
  - SDWebImage/Core (3.7.3)
  - SFHFKeychainUtils (0.0.1)

DEPENDENCIES:
  - EMSpeed (from `../`)
  - EMSpeed/Network (from `../`)

EXTERNAL SOURCES:
  EMSpeed:
    :path: ../

SPEC CHECKSUMS:
  AFNetworking: cb8d14a848e831097108418f5d49217339d4eb60
  EMSpeed: 16f6d2685bd2d69830770b56d40406835aa5a1f9
  MJRefresh: f3e1228ec3d38c7ba5208d58032631a52f39f495
  SDWebImage: 1d2b1a1efda1ade1b00b6f8498865f8ddedc8a84
  SFHFKeychainUtils: 9576b411a79a058f4d5381ace6f3242b9a62e664

COCOAPODS: 0.39.0
