// !$*UTF8*$!
{
	archiveVersion = 1;
	classes = {
	};
	objectVersion = 46;
	objects = {

/* Begin PBXBuildFile section */
		18309BCD1AF086630057945D /* MMInfoViewController.m in Sources */ = {isa = PBXBuildFile; fileRef = 18309BB01AF086630057945D /* MMInfoViewController.m */; };
		18309BCE1AF086630057945D /* MMMenuController.m in Sources */ = {isa = PBXBuildFile; fileRef = 18309BB21AF086630057945D /* MMMenuController.m */; };
		18309BCF1AF086630057945D /* MMVIPTableController.m in Sources */ = {isa = PBXBuildFile; fileRef = 18309BB41AF086630057945D /* MMVIPTableController.m */; };
		18309BD01AF086630057945D /* EMInfoNewsItem.m in Sources */ = {isa = PBXBuildFile; fileRef = 18309BB71AF086630057945D /* EMInfoNewsItem.m */; };
		18309BD11AF086630057945D /* EMVIPModel.m in Sources */ = {isa = PBXBuildFile; fileRef = 18309BB91AF086630057945D /* EMVIPModel.m */; };
		18309BD21AF086630057945D /* MMInfoItem.m in Sources */ = {isa = PBXBuildFile; fileRef = 18309BBB1AF086630057945D /* MMInfoItem.m */; };
		18309BD31AF086630057945D /* MMInfoItem3.m in Sources */ = {isa = PBXBuildFile; fileRef = 18309BBD1AF086630057945D /* MMInfoItem3.m */; };
		18309BD41AF086630057945D /* MMInfoModel.m in Sources */ = {isa = PBXBuildFile; fileRef = 18309BBF1AF086630057945D /* MMInfoModel.m */; };
		18309BD51AF086630057945D /* EMInfoNewsCell.m in Sources */ = {isa = PBXBuildFile; fileRef = 18309BC21AF086630057945D /* EMInfoNewsCell.m */; };
		18309BD61AF086630057945D /* EMInfoNewsCell.xib in Resources */ = {isa = PBXBuildFile; fileRef = 18309BC31AF086630057945D /* EMInfoNewsCell.xib */; };
		18309BD71AF086630057945D /* MMInfoCell.m in Sources */ = {isa = PBXBuildFile; fileRef = 18309BC51AF086630057945D /* MMInfoCell.m */; };
		18309BD81AF086630057945D /* MMInfoCell.xib in Resources */ = {isa = PBXBuildFile; fileRef = 18309BC61AF086630057945D /* MMInfoCell.xib */; };
		18309BD91AF086630057945D /* MMInfoCell2.m in Sources */ = {isa = PBXBuildFile; fileRef = 18309BC81AF086630057945D /* MMInfoCell2.m */; };
		18309BDA1AF086630057945D /* MMInfoCell2.xib in Resources */ = {isa = PBXBuildFile; fileRef = 18309BC91AF086630057945D /* MMInfoCell2.xib */; };
		18309BDB1AF086630057945D /* MMInfoCell3.m in Sources */ = {isa = PBXBuildFile; fileRef = 18309BCB1AF086630057945D /* MMInfoCell3.m */; };
		18309BDC1AF086630057945D /* MMInfoCell3.xib in Resources */ = {isa = PBXBuildFile; fileRef = 18309BCC1AF086630057945D /* MMInfoCell3.xib */; };
		1835D2E31AF209B3008E4FD8 /* EMUIResources.bundle in Resources */ = {isa = PBXBuildFile; fileRef = 1835D2E21AF209B3008E4FD8 /* EMUIResources.bundle */; };
		1835D2F81AF21BA5008E4FD8 /* MMInfoTableViewController.m in Sources */ = {isa = PBXBuildFile; fileRef = 1835D2F71AF21BA5008E4FD8 /* MMInfoTableViewController.m */; };
		1835D2FA1AF21BEF008E4FD8 /* MMInfoTableViewController.xib in Resources */ = {isa = PBXBuildFile; fileRef = 1835D2F91AF21BEF008E4FD8 /* MMInfoTableViewController.xib */; };
		1835D3121AF226B5008E4FD8 /* MMVIPTableViewController.m in Sources */ = {isa = PBXBuildFile; fileRef = 1835D3101AF226B5008E4FD8 /* MMVIPTableViewController.m */; };
		1835D3131AF226B5008E4FD8 /* MMVIPTableViewController.xib in Resources */ = {isa = PBXBuildFile; fileRef = 1835D3111AF226B5008E4FD8 /* MMVIPTableViewController.xib */; };
		96AF1FA51AA1BB1D0032735D /* Default-568h@2x.png in Resources */ = {isa = PBXBuildFile; fileRef = 96AF1FA41AA1BB1D0032735D /* Default-568h@2x.png */; };
		96BC730F1A9F0AFC0020E5A1 /* main.m in Sources */ = {isa = PBXBuildFile; fileRef = 96BC730E1A9F0AFC0020E5A1 /* main.m */; };
		96BC73121A9F0AFC0020E5A1 /* AppDelegate.m in Sources */ = {isa = PBXBuildFile; fileRef = 96BC73111A9F0AFC0020E5A1 /* AppDelegate.m */; };
		96BC731A1A9F0AFC0020E5A1 /* Images.xcassets in Resources */ = {isa = PBXBuildFile; fileRef = 96BC73191A9F0AFC0020E5A1 /* Images.xcassets */; };
		96BC73291A9F0AFC0020E5A1 /* MMTableViewDemoTests.m in Sources */ = {isa = PBXBuildFile; fileRef = 96BC73281A9F0AFC0020E5A1 /* MMTableViewDemoTests.m */; };
		96BC73881A9F104E0020E5A1 /* AFHTTPRequestOperation.m in Sources */ = {isa = PBXBuildFile; fileRef = 96BC73621A9F104E0020E5A1 /* AFHTTPRequestOperation.m */; };
		96BC73891A9F104E0020E5A1 /* AFHTTPRequestOperationManager.m in Sources */ = {isa = PBXBuildFile; fileRef = 96BC73641A9F104E0020E5A1 /* AFHTTPRequestOperationManager.m */; };
		96BC738A1A9F104E0020E5A1 /* AFHTTPSessionManager.m in Sources */ = {isa = PBXBuildFile; fileRef = 96BC73661A9F104E0020E5A1 /* AFHTTPSessionManager.m */; };
		96BC738B1A9F104E0020E5A1 /* AFNetworkReachabilityManager.m in Sources */ = {isa = PBXBuildFile; fileRef = 96BC73691A9F104E0020E5A1 /* AFNetworkReachabilityManager.m */; };
		96BC738C1A9F104E0020E5A1 /* AFSecurityPolicy.m in Sources */ = {isa = PBXBuildFile; fileRef = 96BC736B1A9F104E0020E5A1 /* AFSecurityPolicy.m */; };
		96BC738D1A9F104E0020E5A1 /* AFURLConnectionOperation.m in Sources */ = {isa = PBXBuildFile; fileRef = 96BC736D1A9F104E0020E5A1 /* AFURLConnectionOperation.m */; };
		96BC738E1A9F104E0020E5A1 /* AFURLRequestSerialization.m in Sources */ = {isa = PBXBuildFile; fileRef = 96BC736F1A9F104E0020E5A1 /* AFURLRequestSerialization.m */; };
		96BC738F1A9F104E0020E5A1 /* AFURLResponseSerialization.m in Sources */ = {isa = PBXBuildFile; fileRef = 96BC73711A9F104E0020E5A1 /* AFURLResponseSerialization.m */; };
		96BC73901A9F104E0020E5A1 /* AFURLSessionManager.m in Sources */ = {isa = PBXBuildFile; fileRef = 96BC73731A9F104E0020E5A1 /* AFURLSessionManager.m */; };
		96EA1C521B4A1D39008DF8D1 /* MSHTTPRequestModel.m in Sources */ = {isa = PBXBuildFile; fileRef = 96EA1C471B4A1D39008DF8D1 /* MSHTTPRequestModel.m */; };
		96EA1C531B4A1D39008DF8D1 /* MSHTTPResponse.m in Sources */ = {isa = PBXBuildFile; fileRef = 96EA1C491B4A1D39008DF8D1 /* MSHTTPResponse.m */; };
		96EA1C541B4A1D39008DF8D1 /* MSHTTPSessionManager.m in Sources */ = {isa = PBXBuildFile; fileRef = 96EA1C4B1B4A1D39008DF8D1 /* MSHTTPSessionManager.m */; };
		96EA1C551B4A1D39008DF8D1 /* MSParseableObject+CellModel.m in Sources */ = {isa = PBXBuildFile; fileRef = 96EA1C4E1B4A1D39008DF8D1 /* MSParseableObject+CellModel.m */; };
		96EA1C561B4A1D39008DF8D1 /* MSParseableObject.m in Sources */ = {isa = PBXBuildFile; fileRef = 96EA1C501B4A1D39008DF8D1 /* MSParseableObject.m */; };
		96EA1C721B4A1D56008DF8D1 /* NSDate+Formatter.m in Sources */ = {isa = PBXBuildFile; fileRef = 96EA1C5A1B4A1D56008DF8D1 /* NSDate+Formatter.m */; };
		96EA1C731B4A1D56008DF8D1 /* NSDate+String.m in Sources */ = {isa = PBXBuildFile; fileRef = 96EA1C5C1B4A1D56008DF8D1 /* NSDate+String.m */; };
		96EA1C741B4A1D56008DF8D1 /* NSObject+Reflect.m in Sources */ = {isa = PBXBuildFile; fileRef = 96EA1C5E1B4A1D56008DF8D1 /* NSObject+Reflect.m */; };
		96EA1C751B4A1D56008DF8D1 /* NSString+Pinyin.m in Sources */ = {isa = PBXBuildFile; fileRef = 96EA1C601B4A1D56008DF8D1 /* NSString+Pinyin.m */; };
		96EA1C761B4A1D56008DF8D1 /* NSString+URLEncoding.m in Sources */ = {isa = PBXBuildFile; fileRef = 96EA1C621B4A1D56008DF8D1 /* NSString+URLEncoding.m */; };
		96EA1C771B4A1D56008DF8D1 /* NSString+Utility.m in Sources */ = {isa = PBXBuildFile; fileRef = 96EA1C641B4A1D56008DF8D1 /* NSString+Utility.m */; };
		96EA1C781B4A1D56008DF8D1 /* pinyin.c in Sources */ = {isa = PBXBuildFile; fileRef = 96EA1C651B4A1D56008DF8D1 /* pinyin.c */; };
		96EA1C791B4A1D56008DF8D1 /* MSCoreFileManager.m in Sources */ = {isa = PBXBuildFile; fileRef = 96EA1C6A1B4A1D56008DF8D1 /* MSCoreFileManager.m */; };
		96EA1C7A1B4A1D56008DF8D1 /* MSCoreFunction.m in Sources */ = {isa = PBXBuildFile; fileRef = 96EA1C6C1B4A1D56008DF8D1 /* MSCoreFunction.m */; };
		96EA1C7B1B4A1D56008DF8D1 /* MSCoreMetrics.m in Sources */ = {isa = PBXBuildFile; fileRef = 96EA1C6F1B4A1D56008DF8D1 /* MSCoreMetrics.m */; };
		96EA1C7C1B4A1D56008DF8D1 /* MSCoreSDKAvailability.m in Sources */ = {isa = PBXBuildFile; fileRef = 96EA1C711B4A1D56008DF8D1 /* MSCoreSDKAvailability.m */; };
		96EA1C921B4A1D69008DF8D1 /* MSDataSource.m in Sources */ = {isa = PBXBuildFile; fileRef = 96EA1C811B4A1D69008DF8D1 /* MSDataSource.m */; };
		96EA1C931B4A1D69008DF8D1 /* MSMutableDataSource+goupWebView.m in Sources */ = {isa = PBXBuildFile; fileRef = 96EA1C831B4A1D69008DF8D1 /* MSMutableDataSource+goupWebView.m */; };
		96EA1C941B4A1D69008DF8D1 /* MSMutableDataSource.m in Sources */ = {isa = PBXBuildFile; fileRef = 96EA1C851B4A1D69008DF8D1 /* MSMutableDataSource.m */; };
		96EA1C951B4A1D69008DF8D1 /* MSRefreshTableController.m in Sources */ = {isa = PBXBuildFile; fileRef = 96EA1C871B4A1D69008DF8D1 /* MSRefreshTableController.m */; };
		96EA1C961B4A1D69008DF8D1 /* MSRefreshTableViewController.m in Sources */ = {isa = PBXBuildFile; fileRef = 96EA1C891B4A1D69008DF8D1 /* MSRefreshTableViewController.m */; };
		96EA1C971B4A1D69008DF8D1 /* MSStoryboardTableController.m in Sources */ = {isa = PBXBuildFile; fileRef = 96EA1C8B1B4A1D69008DF8D1 /* MSStoryboardTableController.m */; };
		96EA1C981B4A1D69008DF8D1 /* MSTableController.m in Sources */ = {isa = PBXBuildFile; fileRef = 96EA1C8D1B4A1D69008DF8D1 /* MSTableController.m */; };
		96EA1C991B4A1D69008DF8D1 /* MSTableEmptyView.m in Sources */ = {isa = PBXBuildFile; fileRef = 96EA1C8F1B4A1D69008DF8D1 /* MSTableEmptyView.m */; };
		96EA1C9A1B4A1D69008DF8D1 /* MSTableViewController.m in Sources */ = {isa = PBXBuildFile; fileRef = 96EA1C911B4A1D69008DF8D1 /* MSTableViewController.m */; };
		96EA1CC81B4A1EAC008DF8D1 /* MJRefreshAutoFooter.m in Sources */ = {isa = PBXBuildFile; fileRef = 96EA1C9E1B4A1EAC008DF8D1 /* MJRefreshAutoFooter.m */; };
		96EA1CC91B4A1EAC008DF8D1 /* MJRefreshBackFooter.m in Sources */ = {isa = PBXBuildFile; fileRef = 96EA1CA01B4A1EAC008DF8D1 /* MJRefreshBackFooter.m */; };
		96EA1CCA1B4A1EAC008DF8D1 /* MJRefreshComponent.m in Sources */ = {isa = PBXBuildFile; fileRef = 96EA1CA21B4A1EAC008DF8D1 /* MJRefreshComponent.m */; };
		96EA1CCB1B4A1EAC008DF8D1 /* MJRefreshFooter.m in Sources */ = {isa = PBXBuildFile; fileRef = 96EA1CA41B4A1EAC008DF8D1 /* MJRefreshFooter.m */; };
		96EA1CCC1B4A1EAC008DF8D1 /* MJRefreshHeader.m in Sources */ = {isa = PBXBuildFile; fileRef = 96EA1CA61B4A1EAC008DF8D1 /* MJRefreshHeader.m */; };
		96EA1CCD1B4A1EAC008DF8D1 /* MJRefreshAutoGifFooter.m in Sources */ = {isa = PBXBuildFile; fileRef = 96EA1CAB1B4A1EAC008DF8D1 /* MJRefreshAutoGifFooter.m */; };
		96EA1CCE1B4A1EAC008DF8D1 /* MJRefreshAutoNormalFooter.m in Sources */ = {isa = PBXBuildFile; fileRef = 96EA1CAD1B4A1EAC008DF8D1 /* MJRefreshAutoNormalFooter.m */; };
		96EA1CCF1B4A1EAC008DF8D1 /* MJRefreshAutoStateFooter.m in Sources */ = {isa = PBXBuildFile; fileRef = 96EA1CAF1B4A1EAC008DF8D1 /* MJRefreshAutoStateFooter.m */; };
		96EA1CD01B4A1EAC008DF8D1 /* MJRefreshBackGifFooter.m in Sources */ = {isa = PBXBuildFile; fileRef = 96EA1CB21B4A1EAC008DF8D1 /* MJRefreshBackGifFooter.m */; };
		96EA1CD11B4A1EAC008DF8D1 /* MJRefreshBackNormalFooter.m in Sources */ = {isa = PBXBuildFile; fileRef = 96EA1CB41B4A1EAC008DF8D1 /* MJRefreshBackNormalFooter.m */; };
		96EA1CD21B4A1EAC008DF8D1 /* MJRefreshBackStateFooter.m in Sources */ = {isa = PBXBuildFile; fileRef = 96EA1CB61B4A1EAC008DF8D1 /* MJRefreshBackStateFooter.m */; };
		96EA1CD31B4A1EAC008DF8D1 /* MJRefreshGifHeader.m in Sources */ = {isa = PBXBuildFile; fileRef = 96EA1CB91B4A1EAC008DF8D1 /* MJRefreshGifHeader.m */; };
		96EA1CD41B4A1EAC008DF8D1 /* MJRefreshNormalHeader.m in Sources */ = {isa = PBXBuildFile; fileRef = 96EA1CBB1B4A1EAC008DF8D1 /* MJRefreshNormalHeader.m */; };
		96EA1CD51B4A1EAC008DF8D1 /* MJRefreshStateHeader.m in Sources */ = {isa = PBXBuildFile; fileRef = 96EA1CBD1B4A1EAC008DF8D1 /* MJRefreshStateHeader.m */; };
		96EA1CD61B4A1EAC008DF8D1 /* MJRefresh.bundle in Resources */ = {isa = PBXBuildFile; fileRef = 96EA1CBE1B4A1EAC008DF8D1 /* MJRefresh.bundle */; };
		96EA1CD71B4A1EAC008DF8D1 /* MJRefreshConst.m in Sources */ = {isa = PBXBuildFile; fileRef = 96EA1CC11B4A1EAC008DF8D1 /* MJRefreshConst.m */; };
		96EA1CD81B4A1EAC008DF8D1 /* UIScrollView+MJExtension.m in Sources */ = {isa = PBXBuildFile; fileRef = 96EA1CC31B4A1EAC008DF8D1 /* UIScrollView+MJExtension.m */; };
		96EA1CD91B4A1EAC008DF8D1 /* UIScrollView+MJRefresh.m in Sources */ = {isa = PBXBuildFile; fileRef = 96EA1CC51B4A1EAC008DF8D1 /* UIScrollView+MJRefresh.m */; };
		96EA1CDA1B4A1EAC008DF8D1 /* UIView+MJExtension.m in Sources */ = {isa = PBXBuildFile; fileRef = 96EA1CC71B4A1EAC008DF8D1 /* UIView+MJExtension.m */; };
		96EA1CDE1B4A1F2A008DF8D1 /* MSViewController.m in Sources */ = {isa = PBXBuildFile; fileRef = 96EA1CDD1B4A1F2A008DF8D1 /* MSViewController.m */; };
/* End PBXBuildFile section */

/* Begin PBXContainerItemProxy section */
		96BC73231A9F0AFC0020E5A1 /* PBXContainerItemProxy */ = {
			isa = PBXContainerItemProxy;
			containerPortal = 96BC73011A9F0AFB0020E5A1 /* Project object */;
			proxyType = 1;
			remoteGlobalIDString = 96BC73081A9F0AFB0020E5A1;
			remoteInfo = MMTableViewDemo;
		};
/* End PBXContainerItemProxy section */

/* Begin PBXFileReference section */
		18309B9E1AF072E10057945D /* Core-Prefix.pch */ = {isa = PBXFileReference; fileEncoding = 4; lastKnownFileType = sourcecode.c.h; path = "Core-Prefix.pch"; sourceTree = "<group>"; };
		18309BAF1AF086630057945D /* MMInfoViewController.h */ = {isa = PBXFileReference; fileEncoding = 4; lastKnownFileType = sourcecode.c.h; path = MMInfoViewController.h; sourceTree = "<group>"; };
		18309BB01AF086630057945D /* MMInfoViewController.m */ = {isa = PBXFileReference; fileEncoding = 4; lastKnownFileType = sourcecode.c.objc; path = MMInfoViewController.m; sourceTree = "<group>"; };
		18309BB11AF086630057945D /* MMMenuController.h */ = {isa = PBXFileReference; fileEncoding = 4; lastKnownFileType = sourcecode.c.h; path = MMMenuController.h; sourceTree = "<group>"; };
		18309BB21AF086630057945D /* MMMenuController.m */ = {isa = PBXFileReference; fileEncoding = 4; lastKnownFileType = sourcecode.c.objc; path = MMMenuController.m; sourceTree = "<group>"; };
		18309BB31AF086630057945D /* MMVIPTableController.h */ = {isa = PBXFileReference; fileEncoding = 4; lastKnownFileType = sourcecode.c.h; path = MMVIPTableController.h; sourceTree = "<group>"; };
		18309BB41AF086630057945D /* MMVIPTableController.m */ = {isa = PBXFileReference; fileEncoding = 4; lastKnownFileType = sourcecode.c.objc; path = MMVIPTableController.m; sourceTree = "<group>"; };
		18309BB61AF086630057945D /* EMInfoNewsItem.h */ = {isa = PBXFileReference; fileEncoding = 4; lastKnownFileType = sourcecode.c.h; path = EMInfoNewsItem.h; sourceTree = "<group>"; };
		18309BB71AF086630057945D /* EMInfoNewsItem.m */ = {isa = PBXFileReference; fileEncoding = 4; lastKnownFileType = sourcecode.c.objc; path = EMInfoNewsItem.m; sourceTree = "<group>"; };
		18309BB81AF086630057945D /* EMVIPModel.h */ = {isa = PBXFileReference; fileEncoding = 4; lastKnownFileType = sourcecode.c.h; path = EMVIPModel.h; sourceTree = "<group>"; };
		18309BB91AF086630057945D /* EMVIPModel.m */ = {isa = PBXFileReference; fileEncoding = 4; lastKnownFileType = sourcecode.c.objc; path = EMVIPModel.m; sourceTree = "<group>"; };
		18309BBA1AF086630057945D /* MMInfoItem.h */ = {isa = PBXFileReference; fileEncoding = 4; lastKnownFileType = sourcecode.c.h; path = MMInfoItem.h; sourceTree = "<group>"; };
		18309BBB1AF086630057945D /* MMInfoItem.m */ = {isa = PBXFileReference; fileEncoding = 4; lastKnownFileType = sourcecode.c.objc; path = MMInfoItem.m; sourceTree = "<group>"; };
		18309BBC1AF086630057945D /* MMInfoItem3.h */ = {isa = PBXFileReference; fileEncoding = 4; lastKnownFileType = sourcecode.c.h; path = MMInfoItem3.h; sourceTree = "<group>"; };
		18309BBD1AF086630057945D /* MMInfoItem3.m */ = {isa = PBXFileReference; fileEncoding = 4; lastKnownFileType = sourcecode.c.objc; path = MMInfoItem3.m; sourceTree = "<group>"; };
		18309BBE1AF086630057945D /* MMInfoModel.h */ = {isa = PBXFileReference; fileEncoding = 4; lastKnownFileType = sourcecode.c.h; path = MMInfoModel.h; sourceTree = "<group>"; };
		18309BBF1AF086630057945D /* MMInfoModel.m */ = {isa = PBXFileReference; fileEncoding = 4; lastKnownFileType = sourcecode.c.objc; path = MMInfoModel.m; sourceTree = "<group>"; };
		18309BC11AF086630057945D /* EMInfoNewsCell.h */ = {isa = PBXFileReference; fileEncoding = 4; lastKnownFileType = sourcecode.c.h; path = EMInfoNewsCell.h; sourceTree = "<group>"; };
		18309BC21AF086630057945D /* EMInfoNewsCell.m */ = {isa = PBXFileReference; fileEncoding = 4; lastKnownFileType = sourcecode.c.objc; path = EMInfoNewsCell.m; sourceTree = "<group>"; };
		18309BC31AF086630057945D /* EMInfoNewsCell.xib */ = {isa = PBXFileReference; fileEncoding = 4; lastKnownFileType = file.xib; path = EMInfoNewsCell.xib; sourceTree = "<group>"; };
		18309BC41AF086630057945D /* MMInfoCell.h */ = {isa = PBXFileReference; fileEncoding = 4; lastKnownFileType = sourcecode.c.h; path = MMInfoCell.h; sourceTree = "<group>"; };
		18309BC51AF086630057945D /* MMInfoCell.m */ = {isa = PBXFileReference; fileEncoding = 4; lastKnownFileType = sourcecode.c.objc; path = MMInfoCell.m; sourceTree = "<group>"; };
		18309BC61AF086630057945D /* MMInfoCell.xib */ = {isa = PBXFileReference; fileEncoding = 4; lastKnownFileType = file.xib; path = MMInfoCell.xib; sourceTree = "<group>"; };
		18309BC71AF086630057945D /* MMInfoCell2.h */ = {isa = PBXFileReference; fileEncoding = 4; lastKnownFileType = sourcecode.c.h; path = MMInfoCell2.h; sourceTree = "<group>"; };
		18309BC81AF086630057945D /* MMInfoCell2.m */ = {isa = PBXFileReference; fileEncoding = 4; lastKnownFileType = sourcecode.c.objc; path = MMInfoCell2.m; sourceTree = "<group>"; };
		18309BC91AF086630057945D /* MMInfoCell2.xib */ = {isa = PBXFileReference; fileEncoding = 4; lastKnownFileType = file.xib; path = MMInfoCell2.xib; sourceTree = "<group>"; };
		18309BCA1AF086630057945D /* MMInfoCell3.h */ = {isa = PBXFileReference; fileEncoding = 4; lastKnownFileType = sourcecode.c.h; path = MMInfoCell3.h; sourceTree = "<group>"; };
		18309BCB1AF086630057945D /* MMInfoCell3.m */ = {isa = PBXFileReference; fileEncoding = 4; lastKnownFileType = sourcecode.c.objc; path = MMInfoCell3.m; sourceTree = "<group>"; };
		18309BCC1AF086630057945D /* MMInfoCell3.xib */ = {isa = PBXFileReference; fileEncoding = 4; lastKnownFileType = file.xib; path = MMInfoCell3.xib; sourceTree = "<group>"; };
		1835D2E21AF209B3008E4FD8 /* EMUIResources.bundle */ = {isa = PBXFileReference; lastKnownFileType = "wrapper.plug-in"; path = EMUIResources.bundle; sourceTree = "<group>"; };
		1835D2F61AF21BA5008E4FD8 /* MMInfoTableViewController.h */ = {isa = PBXFileReference; fileEncoding = 4; lastKnownFileType = sourcecode.c.h; path = MMInfoTableViewController.h; sourceTree = "<group>"; };
		1835D2F71AF21BA5008E4FD8 /* MMInfoTableViewController.m */ = {isa = PBXFileReference; fileEncoding = 4; lastKnownFileType = sourcecode.c.objc; path = MMInfoTableViewController.m; sourceTree = "<group>"; };
		1835D2F91AF21BEF008E4FD8 /* MMInfoTableViewController.xib */ = {isa = PBXFileReference; fileEncoding = 4; lastKnownFileType = file.xib; path = MMInfoTableViewController.xib; sourceTree = "<group>"; };
		1835D30F1AF226B5008E4FD8 /* MMVIPTableViewController.h */ = {isa = PBXFileReference; fileEncoding = 4; lastKnownFileType = sourcecode.c.h; path = MMVIPTableViewController.h; sourceTree = "<group>"; };
		1835D3101AF226B5008E4FD8 /* MMVIPTableViewController.m */ = {isa = PBXFileReference; fileEncoding = 4; lastKnownFileType = sourcecode.c.objc; path = MMVIPTableViewController.m; sourceTree = "<group>"; };
		1835D3111AF226B5008E4FD8 /* MMVIPTableViewController.xib */ = {isa = PBXFileReference; fileEncoding = 4; lastKnownFileType = file.xib; path = MMVIPTableViewController.xib; sourceTree = "<group>"; };
		96AF1FA41AA1BB1D0032735D /* Default-568h@2x.png */ = {isa = PBXFileReference; lastKnownFileType = image.png; path = "Default-568h@2x.png"; sourceTree = "<group>"; };
		96BC73091A9F0AFB0020E5A1 /* MMTableViewDemo.app */ = {isa = PBXFileReference; explicitFileType = wrapper.application; includeInIndex = 0; path = MMTableViewDemo.app; sourceTree = BUILT_PRODUCTS_DIR; };
		96BC730D1A9F0AFC0020E5A1 /* Info.plist */ = {isa = PBXFileReference; lastKnownFileType = text.plist.xml; path = Info.plist; sourceTree = "<group>"; };
		96BC730E1A9F0AFC0020E5A1 /* main.m */ = {isa = PBXFileReference; lastKnownFileType = sourcecode.c.objc; path = main.m; sourceTree = "<group>"; };
		96BC73101A9F0AFC0020E5A1 /* AppDelegate.h */ = {isa = PBXFileReference; lastKnownFileType = sourcecode.c.h; path = AppDelegate.h; sourceTree = "<group>"; };
		96BC73111A9F0AFC0020E5A1 /* AppDelegate.m */ = {isa = PBXFileReference; lastKnownFileType = sourcecode.c.objc; path = AppDelegate.m; sourceTree = "<group>"; };
		96BC73191A9F0AFC0020E5A1 /* Images.xcassets */ = {isa = PBXFileReference; lastKnownFileType = folder.assetcatalog; path = Images.xcassets; sourceTree = "<group>"; };
		96BC73221A9F0AFC0020E5A1 /* MMTableViewDemoTests.xctest */ = {isa = PBXFileReference; explicitFileType = wrapper.cfbundle; includeInIndex = 0; path = MMTableViewDemoTests.xctest; sourceTree = BUILT_PRODUCTS_DIR; };
		96BC73271A9F0AFC0020E5A1 /* Info.plist */ = {isa = PBXFileReference; lastKnownFileType = text.plist.xml; path = Info.plist; sourceTree = "<group>"; };
		96BC73281A9F0AFC0020E5A1 /* MMTableViewDemoTests.m */ = {isa = PBXFileReference; lastKnownFileType = sourcecode.c.objc; path = MMTableViewDemoTests.m; sourceTree = "<group>"; };
		96BC73611A9F104E0020E5A1 /* AFHTTPRequestOperation.h */ = {isa = PBXFileReference; fileEncoding = 4; lastKnownFileType = sourcecode.c.h; path = AFHTTPRequestOperation.h; sourceTree = "<group>"; };
		96BC73621A9F104E0020E5A1 /* AFHTTPRequestOperation.m */ = {isa = PBXFileReference; fileEncoding = 4; lastKnownFileType = sourcecode.c.objc; path = AFHTTPRequestOperation.m; sourceTree = "<group>"; };
		96BC73631A9F104E0020E5A1 /* AFHTTPRequestOperationManager.h */ = {isa = PBXFileReference; fileEncoding = 4; lastKnownFileType = sourcecode.c.h; path = AFHTTPRequestOperationManager.h; sourceTree = "<group>"; };
		96BC73641A9F104E0020E5A1 /* AFHTTPRequestOperationManager.m */ = {isa = PBXFileReference; fileEncoding = 4; lastKnownFileType = sourcecode.c.objc; path = AFHTTPRequestOperationManager.m; sourceTree = "<group>"; };
		96BC73651A9F104E0020E5A1 /* AFHTTPSessionManager.h */ = {isa = PBXFileReference; fileEncoding = 4; lastKnownFileType = sourcecode.c.h; path = AFHTTPSessionManager.h; sourceTree = "<group>"; };
		96BC73661A9F104E0020E5A1 /* AFHTTPSessionManager.m */ = {isa = PBXFileReference; fileEncoding = 4; lastKnownFileType = sourcecode.c.objc; path = AFHTTPSessionManager.m; sourceTree = "<group>"; };
		96BC73671A9F104E0020E5A1 /* AFNetworking.h */ = {isa = PBXFileReference; fileEncoding = 4; lastKnownFileType = sourcecode.c.h; path = AFNetworking.h; sourceTree = "<group>"; };
		96BC73681A9F104E0020E5A1 /* AFNetworkReachabilityManager.h */ = {isa = PBXFileReference; fileEncoding = 4; lastKnownFileType = sourcecode.c.h; path = AFNetworkReachabilityManager.h; sourceTree = "<group>"; };
		96BC73691A9F104E0020E5A1 /* AFNetworkReachabilityManager.m */ = {isa = PBXFileReference; fileEncoding = 4; lastKnownFileType = sourcecode.c.objc; path = AFNetworkReachabilityManager.m; sourceTree = "<group>"; };
		96BC736A1A9F104E0020E5A1 /* AFSecurityPolicy.h */ = {isa = PBXFileReference; fileEncoding = 4; lastKnownFileType = sourcecode.c.h; path = AFSecurityPolicy.h; sourceTree = "<group>"; };
		96BC736B1A9F104E0020E5A1 /* AFSecurityPolicy.m */ = {isa = PBXFileReference; fileEncoding = 4; lastKnownFileType = sourcecode.c.objc; path = AFSecurityPolicy.m; sourceTree = "<group>"; };
		96BC736C1A9F104E0020E5A1 /* AFURLConnectionOperation.h */ = {isa = PBXFileReference; fileEncoding = 4; lastKnownFileType = sourcecode.c.h; path = AFURLConnectionOperation.h; sourceTree = "<group>"; };
		96BC736D1A9F104E0020E5A1 /* AFURLConnectionOperation.m */ = {isa = PBXFileReference; fileEncoding = 4; lastKnownFileType = sourcecode.c.objc; path = AFURLConnectionOperation.m; sourceTree = "<group>"; };
		96BC736E1A9F104E0020E5A1 /* AFURLRequestSerialization.h */ = {isa = PBXFileReference; fileEncoding = 4; lastKnownFileType = sourcecode.c.h; path = AFURLRequestSerialization.h; sourceTree = "<group>"; };
		96BC736F1A9F104E0020E5A1 /* AFURLRequestSerialization.m */ = {isa = PBXFileReference; fileEncoding = 4; lastKnownFileType = sourcecode.c.objc; path = AFURLRequestSerialization.m; sourceTree = "<group>"; };
		96BC73701A9F104E0020E5A1 /* AFURLResponseSerialization.h */ = {isa = PBXFileReference; fileEncoding = 4; lastKnownFileType = sourcecode.c.h; path = AFURLResponseSerialization.h; sourceTree = "<group>"; };
		96BC73711A9F104E0020E5A1 /* AFURLResponseSerialization.m */ = {isa = PBXFileReference; fileEncoding = 4; lastKnownFileType = sourcecode.c.objc; path = AFURLResponseSerialization.m; sourceTree = "<group>"; };
		96BC73721A9F104E0020E5A1 /* AFURLSessionManager.h */ = {isa = PBXFileReference; fileEncoding = 4; lastKnownFileType = sourcecode.c.h; path = AFURLSessionManager.h; sourceTree = "<group>"; };
		96BC73731A9F104E0020E5A1 /* AFURLSessionManager.m */ = {isa = PBXFileReference; fileEncoding = 4; lastKnownFileType = sourcecode.c.objc; path = AFURLSessionManager.m; sourceTree = "<group>"; };
		96EA1C451B4A1D39008DF8D1 /* MSHTTP.h */ = {isa = PBXFileReference; fileEncoding = 4; lastKnownFileType = sourcecode.c.h; path = MSHTTP.h; sourceTree = "<group>"; };
		96EA1C461B4A1D39008DF8D1 /* MSHTTPRequestModel.h */ = {isa = PBXFileReference; fileEncoding = 4; lastKnownFileType = sourcecode.c.h; path = MSHTTPRequestModel.h; sourceTree = "<group>"; };
		96EA1C471B4A1D39008DF8D1 /* MSHTTPRequestModel.m */ = {isa = PBXFileReference; fileEncoding = 4; lastKnownFileType = sourcecode.c.objc; path = MSHTTPRequestModel.m; sourceTree = "<group>"; };
		96EA1C481B4A1D39008DF8D1 /* MSHTTPResponse.h */ = {isa = PBXFileReference; fileEncoding = 4; lastKnownFileType = sourcecode.c.h; path = MSHTTPResponse.h; sourceTree = "<group>"; };
		96EA1C491B4A1D39008DF8D1 /* MSHTTPResponse.m */ = {isa = PBXFileReference; fileEncoding = 4; lastKnownFileType = sourcecode.c.objc; path = MSHTTPResponse.m; sourceTree = "<group>"; };
		96EA1C4A1B4A1D39008DF8D1 /* MSHTTPSessionManager.h */ = {isa = PBXFileReference; fileEncoding = 4; lastKnownFileType = sourcecode.c.h; path = MSHTTPSessionManager.h; sourceTree = "<group>"; };
		96EA1C4B1B4A1D39008DF8D1 /* MSHTTPSessionManager.m */ = {isa = PBXFileReference; fileEncoding = 4; lastKnownFileType = sourcecode.c.objc; path = MSHTTPSessionManager.m; sourceTree = "<group>"; };
		96EA1C4C1B4A1D39008DF8D1 /* MSModelProtocol.h */ = {isa = PBXFileReference; fileEncoding = 4; lastKnownFileType = sourcecode.c.h; path = MSModelProtocol.h; sourceTree = "<group>"; };
		96EA1C4D1B4A1D39008DF8D1 /* MSParseableObject+CellModel.h */ = {isa = PBXFileReference; fileEncoding = 4; lastKnownFileType = sourcecode.c.h; path = "MSParseableObject+CellModel.h"; sourceTree = "<group>"; };
		96EA1C4E1B4A1D39008DF8D1 /* MSParseableObject+CellModel.m */ = {isa = PBXFileReference; fileEncoding = 4; lastKnownFileType = sourcecode.c.objc; path = "MSParseableObject+CellModel.m"; sourceTree = "<group>"; };
		96EA1C4F1B4A1D39008DF8D1 /* MSParseableObject.h */ = {isa = PBXFileReference; fileEncoding = 4; lastKnownFileType = sourcecode.c.h; path = MSParseableObject.h; sourceTree = "<group>"; };
		96EA1C501B4A1D39008DF8D1 /* MSParseableObject.m */ = {isa = PBXFileReference; fileEncoding = 4; lastKnownFileType = sourcecode.c.objc; path = MSParseableObject.m; sourceTree = "<group>"; };
		96EA1C511B4A1D39008DF8D1 /* MSParser.h */ = {isa = PBXFileReference; fileEncoding = 4; lastKnownFileType = sourcecode.c.h; path = MSParser.h; sourceTree = "<group>"; };
		96EA1C591B4A1D56008DF8D1 /* NSDate+Formatter.h */ = {isa = PBXFileReference; fileEncoding = 4; lastKnownFileType = sourcecode.c.h; path = "NSDate+Formatter.h"; sourceTree = "<group>"; };
		96EA1C5A1B4A1D56008DF8D1 /* NSDate+Formatter.m */ = {isa = PBXFileReference; fileEncoding = 4; lastKnownFileType = sourcecode.c.objc; path = "NSDate+Formatter.m"; sourceTree = "<group>"; };
		96EA1C5B1B4A1D56008DF8D1 /* NSDate+String.h */ = {isa = PBXFileReference; fileEncoding = 4; lastKnownFileType = sourcecode.c.h; path = "NSDate+String.h"; sourceTree = "<group>"; };
		96EA1C5C1B4A1D56008DF8D1 /* NSDate+String.m */ = {isa = PBXFileReference; fileEncoding = 4; lastKnownFileType = sourcecode.c.objc; path = "NSDate+String.m"; sourceTree = "<group>"; };
		96EA1C5D1B4A1D56008DF8D1 /* NSObject+Reflect.h */ = {isa = PBXFileReference; fileEncoding = 4; lastKnownFileType = sourcecode.c.h; path = "NSObject+Reflect.h"; sourceTree = "<group>"; };
		96EA1C5E1B4A1D56008DF8D1 /* NSObject+Reflect.m */ = {isa = PBXFileReference; fileEncoding = 4; lastKnownFileType = sourcecode.c.objc; path = "NSObject+Reflect.m"; sourceTree = "<group>"; };
		96EA1C5F1B4A1D56008DF8D1 /* NSString+Pinyin.h */ = {isa = PBXFileReference; fileEncoding = 4; lastKnownFileType = sourcecode.c.h; path = "NSString+Pinyin.h"; sourceTree = "<group>"; };
		96EA1C601B4A1D56008DF8D1 /* NSString+Pinyin.m */ = {isa = PBXFileReference; fileEncoding = 4; lastKnownFileType = sourcecode.c.objc; path = "NSString+Pinyin.m"; sourceTree = "<group>"; };
		96EA1C611B4A1D56008DF8D1 /* NSString+URLEncoding.h */ = {isa = PBXFileReference; fileEncoding = 4; lastKnownFileType = sourcecode.c.h; path = "NSString+URLEncoding.h"; sourceTree = "<group>"; };
		96EA1C621B4A1D56008DF8D1 /* NSString+URLEncoding.m */ = {isa = PBXFileReference; fileEncoding = 4; lastKnownFileType = sourcecode.c.objc; path = "NSString+URLEncoding.m"; sourceTree = "<group>"; };
		96EA1C631B4A1D56008DF8D1 /* NSString+Utility.h */ = {isa = PBXFileReference; fileEncoding = 4; lastKnownFileType = sourcecode.c.h; path = "NSString+Utility.h"; sourceTree = "<group>"; };
		96EA1C641B4A1D56008DF8D1 /* NSString+Utility.m */ = {isa = PBXFileReference; fileEncoding = 4; lastKnownFileType = sourcecode.c.objc; path = "NSString+Utility.m"; sourceTree = "<group>"; };
		96EA1C651B4A1D56008DF8D1 /* pinyin.c */ = {isa = PBXFileReference; fileEncoding = 4; lastKnownFileType = sourcecode.c.c; path = pinyin.c; sourceTree = "<group>"; };
		96EA1C661B4A1D56008DF8D1 /* pinyin.h */ = {isa = PBXFileReference; fileEncoding = 4; lastKnownFileType = sourcecode.c.h; path = pinyin.h; sourceTree = "<group>"; };
		96EA1C681B4A1D56008DF8D1 /* MSCore.h */ = {isa = PBXFileReference; fileEncoding = 4; lastKnownFileType = sourcecode.c.h; path = MSCore.h; sourceTree = "<group>"; };
		96EA1C691B4A1D56008DF8D1 /* MSCoreFileManager.h */ = {isa = PBXFileReference; fileEncoding = 4; lastKnownFileType = sourcecode.c.h; path = MSCoreFileManager.h; sourceTree = "<group>"; };
		96EA1C6A1B4A1D56008DF8D1 /* MSCoreFileManager.m */ = {isa = PBXFileReference; fileEncoding = 4; lastKnownFileType = sourcecode.c.objc; path = MSCoreFileManager.m; sourceTree = "<group>"; };
		96EA1C6B1B4A1D56008DF8D1 /* MSCoreFunction.h */ = {isa = PBXFileReference; fileEncoding = 4; lastKnownFileType = sourcecode.c.h; path = MSCoreFunction.h; sourceTree = "<group>"; };
		96EA1C6C1B4A1D56008DF8D1 /* MSCoreFunction.m */ = {isa = PBXFileReference; fileEncoding = 4; lastKnownFileType = sourcecode.c.objc; path = MSCoreFunction.m; sourceTree = "<group>"; };
		96EA1C6D1B4A1D56008DF8D1 /* MSCoreMacros.h */ = {isa = PBXFileReference; fileEncoding = 4; lastKnownFileType = sourcecode.c.h; path = MSCoreMacros.h; sourceTree = "<group>"; };
		96EA1C6E1B4A1D56008DF8D1 /* MSCoreMetrics.h */ = {isa = PBXFileReference; fileEncoding = 4; lastKnownFileType = sourcecode.c.h; path = MSCoreMetrics.h; sourceTree = "<group>"; };
		96EA1C6F1B4A1D56008DF8D1 /* MSCoreMetrics.m */ = {isa = PBXFileReference; fileEncoding = 4; lastKnownFileType = sourcecode.c.objc; path = MSCoreMetrics.m; sourceTree = "<group>"; };
		96EA1C701B4A1D56008DF8D1 /* MSCoreSDKAvailability.h */ = {isa = PBXFileReference; fileEncoding = 4; lastKnownFileType = sourcecode.c.h; path = MSCoreSDKAvailability.h; sourceTree = "<group>"; };
		96EA1C711B4A1D56008DF8D1 /* MSCoreSDKAvailability.m */ = {isa = PBXFileReference; fileEncoding = 4; lastKnownFileType = sourcecode.c.objc; path = MSCoreSDKAvailability.m; sourceTree = "<group>"; };
		96EA1C7E1B4A1D69008DF8D1 /* MSCellModel.h */ = {isa = PBXFileReference; fileEncoding = 4; lastKnownFileType = sourcecode.c.h; path = MSCellModel.h; sourceTree = "<group>"; };
		96EA1C7F1B4A1D69008DF8D1 /* MSCellUpdating.h */ = {isa = PBXFileReference; fileEncoding = 4; lastKnownFileType = sourcecode.c.h; path = MSCellUpdating.h; sourceTree = "<group>"; };
		96EA1C801B4A1D69008DF8D1 /* MSDataSource.h */ = {isa = PBXFileReference; fileEncoding = 4; lastKnownFileType = sourcecode.c.h; path = MSDataSource.h; sourceTree = "<group>"; };
		96EA1C811B4A1D69008DF8D1 /* MSDataSource.m */ = {isa = PBXFileReference; fileEncoding = 4; lastKnownFileType = sourcecode.c.objc; path = MSDataSource.m; sourceTree = "<group>"; };
		96EA1C821B4A1D69008DF8D1 /* MSMutableDataSource+goupWebView.h */ = {isa = PBXFileReference; fileEncoding = 4; lastKnownFileType = sourcecode.c.h; path = "MSMutableDataSource+goupWebView.h"; sourceTree = "<group>"; };
		96EA1C831B4A1D69008DF8D1 /* MSMutableDataSource+goupWebView.m */ = {isa = PBXFileReference; fileEncoding = 4; lastKnownFileType = sourcecode.c.objc; path = "MSMutableDataSource+goupWebView.m"; sourceTree = "<group>"; };
		96EA1C841B4A1D69008DF8D1 /* MSMutableDataSource.h */ = {isa = PBXFileReference; fileEncoding = 4; lastKnownFileType = sourcecode.c.h; path = MSMutableDataSource.h; sourceTree = "<group>"; };
		96EA1C851B4A1D69008DF8D1 /* MSMutableDataSource.m */ = {isa = PBXFileReference; fileEncoding = 4; lastKnownFileType = sourcecode.c.objc; path = MSMutableDataSource.m; sourceTree = "<group>"; };
		96EA1C861B4A1D69008DF8D1 /* MSRefreshTableController.h */ = {isa = PBXFileReference; fileEncoding = 4; lastKnownFileType = sourcecode.c.h; path = MSRefreshTableController.h; sourceTree = "<group>"; };
		96EA1C871B4A1D69008DF8D1 /* MSRefreshTableController.m */ = {isa = PBXFileReference; fileEncoding = 4; lastKnownFileType = sourcecode.c.objc; path = MSRefreshTableController.m; sourceTree = "<group>"; };
		96EA1C881B4A1D69008DF8D1 /* MSRefreshTableViewController.h */ = {isa = PBXFileReference; fileEncoding = 4; lastKnownFileType = sourcecode.c.h; path = MSRefreshTableViewController.h; sourceTree = "<group>"; };
		96EA1C891B4A1D69008DF8D1 /* MSRefreshTableViewController.m */ = {isa = PBXFileReference; fileEncoding = 4; lastKnownFileType = sourcecode.c.objc; path = MSRefreshTableViewController.m; sourceTree = "<group>"; };
		96EA1C8A1B4A1D69008DF8D1 /* MSStoryboardTableController.h */ = {isa = PBXFileReference; fileEncoding = 4; lastKnownFileType = sourcecode.c.h; path = MSStoryboardTableController.h; sourceTree = "<group>"; };
		96EA1C8B1B4A1D69008DF8D1 /* MSStoryboardTableController.m */ = {isa = PBXFileReference; fileEncoding = 4; lastKnownFileType = sourcecode.c.objc; path = MSStoryboardTableController.m; sourceTree = "<group>"; };
		96EA1C8C1B4A1D69008DF8D1 /* MSTableController.h */ = {isa = PBXFileReference; fileEncoding = 4; lastKnownFileType = sourcecode.c.h; path = MSTableController.h; sourceTree = "<group>"; };
		96EA1C8D1B4A1D69008DF8D1 /* MSTableController.m */ = {isa = PBXFileReference; fileEncoding = 4; lastKnownFileType = sourcecode.c.objc; path = MSTableController.m; sourceTree = "<group>"; };
		96EA1C8E1B4A1D69008DF8D1 /* MSTableEmptyView.h */ = {isa = PBXFileReference; fileEncoding = 4; lastKnownFileType = sourcecode.c.h; path = MSTableEmptyView.h; sourceTree = "<group>"; };
		96EA1C8F1B4A1D69008DF8D1 /* MSTableEmptyView.m */ = {isa = PBXFileReference; fileEncoding = 4; lastKnownFileType = sourcecode.c.objc; path = MSTableEmptyView.m; sourceTree = "<group>"; };
		96EA1C901B4A1D69008DF8D1 /* MSTableViewController.h */ = {isa = PBXFileReference; fileEncoding = 4; lastKnownFileType = sourcecode.c.h; path = MSTableViewController.h; sourceTree = "<group>"; };
		96EA1C911B4A1D69008DF8D1 /* MSTableViewController.m */ = {isa = PBXFileReference; fileEncoding = 4; lastKnownFileType = sourcecode.c.objc; path = MSTableViewController.m; sourceTree = "<group>"; };
		96EA1C9D1B4A1EAC008DF8D1 /* MJRefreshAutoFooter.h */ = {isa = PBXFileReference; fileEncoding = 4; lastKnownFileType = sourcecode.c.h; path = MJRefreshAutoFooter.h; sourceTree = "<group>"; };
		96EA1C9E1B4A1EAC008DF8D1 /* MJRefreshAutoFooter.m */ = {isa = PBXFileReference; fileEncoding = 4; lastKnownFileType = sourcecode.c.objc; path = MJRefreshAutoFooter.m; sourceTree = "<group>"; };
		96EA1C9F1B4A1EAC008DF8D1 /* MJRefreshBackFooter.h */ = {isa = PBXFileReference; fileEncoding = 4; lastKnownFileType = sourcecode.c.h; path = MJRefreshBackFooter.h; sourceTree = "<group>"; };
		96EA1CA01B4A1EAC008DF8D1 /* MJRefreshBackFooter.m */ = {isa = PBXFileReference; fileEncoding = 4; lastKnownFileType = sourcecode.c.objc; path = MJRefreshBackFooter.m; sourceTree = "<group>"; };
		96EA1CA11B4A1EAC008DF8D1 /* MJRefreshComponent.h */ = {isa = PBXFileReference; fileEncoding = 4; lastKnownFileType = sourcecode.c.h; path = MJRefreshComponent.h; sourceTree = "<group>"; };
		96EA1CA21B4A1EAC008DF8D1 /* MJRefreshComponent.m */ = {isa = PBXFileReference; fileEncoding = 4; lastKnownFileType = sourcecode.c.objc; path = MJRefreshComponent.m; sourceTree = "<group>"; };
		96EA1CA31B4A1EAC008DF8D1 /* MJRefreshFooter.h */ = {isa = PBXFileReference; fileEncoding = 4; lastKnownFileType = sourcecode.c.h; path = MJRefreshFooter.h; sourceTree = "<group>"; };
		96EA1CA41B4A1EAC008DF8D1 /* MJRefreshFooter.m */ = {isa = PBXFileReference; fileEncoding = 4; lastKnownFileType = sourcecode.c.objc; path = MJRefreshFooter.m; sourceTree = "<group>"; };
		96EA1CA51B4A1EAC008DF8D1 /* MJRefreshHeader.h */ = {isa = PBXFileReference; fileEncoding = 4; lastKnownFileType = sourcecode.c.h; path = MJRefreshHeader.h; sourceTree = "<group>"; };
		96EA1CA61B4A1EAC008DF8D1 /* MJRefreshHeader.m */ = {isa = PBXFileReference; fileEncoding = 4; lastKnownFileType = sourcecode.c.objc; path = MJRefreshHeader.m; sourceTree = "<group>"; };
		96EA1CAA1B4A1EAC008DF8D1 /* MJRefreshAutoGifFooter.h */ = {isa = PBXFileReference; fileEncoding = 4; lastKnownFileType = sourcecode.c.h; path = MJRefreshAutoGifFooter.h; sourceTree = "<group>"; };
		96EA1CAB1B4A1EAC008DF8D1 /* MJRefreshAutoGifFooter.m */ = {isa = PBXFileReference; fileEncoding = 4; lastKnownFileType = sourcecode.c.objc; path = MJRefreshAutoGifFooter.m; sourceTree = "<group>"; };
		96EA1CAC1B4A1EAC008DF8D1 /* MJRefreshAutoNormalFooter.h */ = {isa = PBXFileReference; fileEncoding = 4; lastKnownFileType = sourcecode.c.h; path = MJRefreshAutoNormalFooter.h; sourceTree = "<group>"; };
		96EA1CAD1B4A1EAC008DF8D1 /* MJRefreshAutoNormalFooter.m */ = {isa = PBXFileReference; fileEncoding = 4; lastKnownFileType = sourcecode.c.objc; path = MJRefreshAutoNormalFooter.m; sourceTree = "<group>"; };
		96EA1CAE1B4A1EAC008DF8D1 /* MJRefreshAutoStateFooter.h */ = {isa = PBXFileReference; fileEncoding = 4; lastKnownFileType = sourcecode.c.h; path = MJRefreshAutoStateFooter.h; sourceTree = "<group>"; };
		96EA1CAF1B4A1EAC008DF8D1 /* MJRefreshAutoStateFooter.m */ = {isa = PBXFileReference; fileEncoding = 4; lastKnownFileType = sourcecode.c.objc; path = MJRefreshAutoStateFooter.m; sourceTree = "<group>"; };
		96EA1CB11B4A1EAC008DF8D1 /* MJRefreshBackGifFooter.h */ = {isa = PBXFileReference; fileEncoding = 4; lastKnownFileType = sourcecode.c.h; path = MJRefreshBackGifFooter.h; sourceTree = "<group>"; };
		96EA1CB21B4A1EAC008DF8D1 /* MJRefreshBackGifFooter.m */ = {isa = PBXFileReference; fileEncoding = 4; lastKnownFileType = sourcecode.c.objc; path = MJRefreshBackGifFooter.m; sourceTree = "<group>"; };
		96EA1CB31B4A1EAC008DF8D1 /* MJRefreshBackNormalFooter.h */ = {isa = PBXFileReference; fileEncoding = 4; lastKnownFileType = sourcecode.c.h; path = MJRefreshBackNormalFooter.h; sourceTree = "<group>"; };
		96EA1CB41B4A1EAC008DF8D1 /* MJRefreshBackNormalFooter.m */ = {isa = PBXFileReference; fileEncoding = 4; lastKnownFileType = sourcecode.c.objc; path = MJRefreshBackNormalFooter.m; sourceTree = "<group>"; };
		96EA1CB51B4A1EAC008DF8D1 /* MJRefreshBackStateFooter.h */ = {isa = PBXFileReference; fileEncoding = 4; lastKnownFileType = sourcecode.c.h; path = MJRefreshBackStateFooter.h; sourceTree = "<group>"; };
		96EA1CB61B4A1EAC008DF8D1 /* MJRefreshBackStateFooter.m */ = {isa = PBXFileReference; fileEncoding = 4; lastKnownFileType = sourcecode.c.objc; path = MJRefreshBackStateFooter.m; sourceTree = "<group>"; };
		96EA1CB81B4A1EAC008DF8D1 /* MJRefreshGifHeader.h */ = {isa = PBXFileReference; fileEncoding = 4; lastKnownFileType = sourcecode.c.h; path = MJRefreshGifHeader.h; sourceTree = "<group>"; };
		96EA1CB91B4A1EAC008DF8D1 /* MJRefreshGifHeader.m */ = {isa = PBXFileReference; fileEncoding = 4; lastKnownFileType = sourcecode.c.objc; path = MJRefreshGifHeader.m; sourceTree = "<group>"; };
		96EA1CBA1B4A1EAC008DF8D1 /* MJRefreshNormalHeader.h */ = {isa = PBXFileReference; fileEncoding = 4; lastKnownFileType = sourcecode.c.h; path = MJRefreshNormalHeader.h; sourceTree = "<group>"; };
		96EA1CBB1B4A1EAC008DF8D1 /* MJRefreshNormalHeader.m */ = {isa = PBXFileReference; fileEncoding = 4; lastKnownFileType = sourcecode.c.objc; path = MJRefreshNormalHeader.m; sourceTree = "<group>"; };
		96EA1CBC1B4A1EAC008DF8D1 /* MJRefreshStateHeader.h */ = {isa = PBXFileReference; fileEncoding = 4; lastKnownFileType = sourcecode.c.h; path = MJRefreshStateHeader.h; sourceTree = "<group>"; };
		96EA1CBD1B4A1EAC008DF8D1 /* MJRefreshStateHeader.m */ = {isa = PBXFileReference; fileEncoding = 4; lastKnownFileType = sourcecode.c.objc; path = MJRefreshStateHeader.m; sourceTree = "<group>"; };
		96EA1CBE1B4A1EAC008DF8D1 /* MJRefresh.bundle */ = {isa = PBXFileReference; lastKnownFileType = "wrapper.plug-in"; path = MJRefresh.bundle; sourceTree = "<group>"; };
		96EA1CBF1B4A1EAC008DF8D1 /* MJRefresh.h */ = {isa = PBXFileReference; fileEncoding = 4; lastKnownFileType = sourcecode.c.h; path = MJRefresh.h; sourceTree = "<group>"; };
		96EA1CC01B4A1EAC008DF8D1 /* MJRefreshConst.h */ = {isa = PBXFileReference; fileEncoding = 4; lastKnownFileType = sourcecode.c.h; path = MJRefreshConst.h; sourceTree = "<group>"; };
		96EA1CC11B4A1EAC008DF8D1 /* MJRefreshConst.m */ = {isa = PBXFileReference; fileEncoding = 4; lastKnownFileType = sourcecode.c.objc; path = MJRefreshConst.m; sourceTree = "<group>"; };
		96EA1CC21B4A1EAC008DF8D1 /* UIScrollView+MJExtension.h */ = {isa = PBXFileReference; fileEncoding = 4; lastKnownFileType = sourcecode.c.h; path = "UIScrollView+MJExtension.h"; sourceTree = "<group>"; };
		96EA1CC31B4A1EAC008DF8D1 /* UIScrollView+MJExtension.m */ = {isa = PBXFileReference; fileEncoding = 4; lastKnownFileType = sourcecode.c.objc; path = "UIScrollView+MJExtension.m"; sourceTree = "<group>"; };
		96EA1CC41B4A1EAC008DF8D1 /* UIScrollView+MJRefresh.h */ = {isa = PBXFileReference; fileEncoding = 4; lastKnownFileType = sourcecode.c.h; path = "UIScrollView+MJRefresh.h"; sourceTree = "<group>"; };
		96EA1CC51B4A1EAC008DF8D1 /* UIScrollView+MJRefresh.m */ = {isa = PBXFileReference; fileEncoding = 4; lastKnownFileType = sourcecode.c.objc; path = "UIScrollView+MJRefresh.m"; sourceTree = "<group>"; };
		96EA1CC61B4A1EAC008DF8D1 /* UIView+MJExtension.h */ = {isa = PBXFileReference; fileEncoding = 4; lastKnownFileType = sourcecode.c.h; path = "UIView+MJExtension.h"; sourceTree = "<group>"; };
		96EA1CC71B4A1EAC008DF8D1 /* UIView+MJExtension.m */ = {isa = PBXFileReference; fileEncoding = 4; lastKnownFileType = sourcecode.c.objc; path = "UIView+MJExtension.m"; sourceTree = "<group>"; };
		96EA1CDC1B4A1F2A008DF8D1 /* MSViewController.h */ = {isa = PBXFileReference; fileEncoding = 4; lastKnownFileType = sourcecode.c.h; path = MSViewController.h; sourceTree = "<group>"; };
		96EA1CDD1B4A1F2A008DF8D1 /* MSViewController.m */ = {isa = PBXFileReference; fileEncoding = 4; lastKnownFileType = sourcecode.c.objc; path = MSViewController.m; sourceTree = "<group>"; };
/* End PBXFileReference section */

/* Begin PBXFrameworksBuildPhase section */
		96BC73061A9F0AFB0020E5A1 /* Frameworks */ = {
			isa = PBXFrameworksBuildPhase;
			buildActionMask = 2147483647;
			files = (
			);
			runOnlyForDeploymentPostprocessing = 0;
		};
		96BC731F1A9F0AFC0020E5A1 /* Frameworks */ = {
			isa = PBXFrameworksBuildPhase;
			buildActionMask = 2147483647;
			files = (
			);
			runOnlyForDeploymentPostprocessing = 0;
		};
/* End PBXFrameworksBuildPhase section */

/* Begin PBXGroup section */
		18309BAE1AF086630057945D /* controller */ = {
			isa = PBXGroup;
			children = (
				18309BAF1AF086630057945D /* MMInfoViewController.h */,
				18309BB01AF086630057945D /* MMInfoViewController.m */,
				18309BB11AF086630057945D /* MMMenuController.h */,
				18309BB21AF086630057945D /* MMMenuController.m */,
				18309BB31AF086630057945D /* MMVIPTableController.h */,
				18309BB41AF086630057945D /* MMVIPTableController.m */,
				1835D2F61AF21BA5008E4FD8 /* MMInfoTableViewController.h */,
				1835D2F71AF21BA5008E4FD8 /* MMInfoTableViewController.m */,
				1835D2F91AF21BEF008E4FD8 /* MMInfoTableViewController.xib */,
				1835D30F1AF226B5008E4FD8 /* MMVIPTableViewController.h */,
				1835D3101AF226B5008E4FD8 /* MMVIPTableViewController.m */,
				1835D3111AF226B5008E4FD8 /* MMVIPTableViewController.xib */,
			);
			path = controller;
			sourceTree = "<group>";
		};
		18309BB51AF086630057945D /* model */ = {
			isa = PBXGroup;
			children = (
				18309BB81AF086630057945D /* EMVIPModel.h */,
				18309BB91AF086630057945D /* EMVIPModel.m */,
				18309BBE1AF086630057945D /* MMInfoModel.h */,
				18309BBF1AF086630057945D /* MMInfoModel.m */,
				18309BB61AF086630057945D /* EMInfoNewsItem.h */,
				18309BB71AF086630057945D /* EMInfoNewsItem.m */,
				18309BBA1AF086630057945D /* MMInfoItem.h */,
				18309BBB1AF086630057945D /* MMInfoItem.m */,
				18309BBC1AF086630057945D /* MMInfoItem3.h */,
				18309BBD1AF086630057945D /* MMInfoItem3.m */,
			);
			path = model;
			sourceTree = "<group>";
		};
		18309BC01AF086630057945D /* view */ = {
			isa = PBXGroup;
			children = (
				18309BC11AF086630057945D /* EMInfoNewsCell.h */,
				18309BC21AF086630057945D /* EMInfoNewsCell.m */,
				18309BC31AF086630057945D /* EMInfoNewsCell.xib */,
				18309BC41AF086630057945D /* MMInfoCell.h */,
				18309BC51AF086630057945D /* MMInfoCell.m */,
				18309BC61AF086630057945D /* MMInfoCell.xib */,
				18309BC71AF086630057945D /* MMInfoCell2.h */,
				18309BC81AF086630057945D /* MMInfoCell2.m */,
				18309BC91AF086630057945D /* MMInfoCell2.xib */,
				18309BCA1AF086630057945D /* MMInfoCell3.h */,
				18309BCB1AF086630057945D /* MMInfoCell3.m */,
				18309BCC1AF086630057945D /* MMInfoCell3.xib */,
			);
			path = view;
			sourceTree = "<group>";
		};
		96BC73001A9F0AFB0020E5A1 = {
			isa = PBXGroup;
			children = (
				96AF1FA41AA1BB1D0032735D /* Default-568h@2x.png */,
				96BC730B1A9F0AFC0020E5A1 /* MMTableViewDemo */,
				96BC73251A9F0AFC0020E5A1 /* MMTableViewDemoTests */,
				96BC730A1A9F0AFB0020E5A1 /* Products */,
			);
			sourceTree = "<group>";
		};
		96BC730A1A9F0AFB0020E5A1 /* Products */ = {
			isa = PBXGroup;
			children = (
				96BC73091A9F0AFB0020E5A1 /* MMTableViewDemo.app */,
				96BC73221A9F0AFC0020E5A1 /* MMTableViewDemoTests.xctest */,
			);
			name = Products;
			sourceTree = "<group>";
		};
		96BC730B1A9F0AFC0020E5A1 /* MMTableViewDemo */ = {
			isa = PBXGroup;
			children = (
				96EA1CDB1B4A1F2A008DF8D1 /* UI */,
				96EA1C9B1B4A1EAC008DF8D1 /* MJRefresh */,
				96EA1C7D1B4A1D69008DF8D1 /* tableview */,
				96EA1C571B4A1D56008DF8D1 /* Core */,
				96EA1C431B4A1D39008DF8D1 /* Network */,
				96BC735F1A9F104E0020E5A1 /* AFNetworking */,
				96BC73101A9F0AFC0020E5A1 /* AppDelegate.h */,
				96BC73111A9F0AFC0020E5A1 /* AppDelegate.m */,
				18309BAE1AF086630057945D /* controller */,
				18309BB51AF086630057945D /* model */,
				18309BC01AF086630057945D /* view */,
				96BC73191A9F0AFC0020E5A1 /* Images.xcassets */,
				96BC730C1A9F0AFC0020E5A1 /* Supporting Files */,
			);
			path = MMTableViewDemo;
			sourceTree = "<group>";
		};
		96BC730C1A9F0AFC0020E5A1 /* Supporting Files */ = {
			isa = PBXGroup;
			children = (
				1835D2E21AF209B3008E4FD8 /* EMUIResources.bundle */,
				96BC730D1A9F0AFC0020E5A1 /* Info.plist */,
				96BC730E1A9F0AFC0020E5A1 /* main.m */,
				18309B9E1AF072E10057945D /* Core-Prefix.pch */,
			);
			name = "Supporting Files";
			sourceTree = "<group>";
		};
		96BC73251A9F0AFC0020E5A1 /* MMTableViewDemoTests */ = {
			isa = PBXGroup;
			children = (
				96BC73281A9F0AFC0020E5A1 /* MMTableViewDemoTests.m */,
				96BC73261A9F0AFC0020E5A1 /* Supporting Files */,
			);
			path = MMTableViewDemoTests;
			sourceTree = "<group>";
		};
		96BC73261A9F0AFC0020E5A1 /* Supporting Files */ = {
			isa = PBXGroup;
			children = (
				96BC73271A9F0AFC0020E5A1 /* Info.plist */,
			);
			name = "Supporting Files";
			sourceTree = "<group>";
		};
		96BC735F1A9F104E0020E5A1 /* AFNetworking */ = {
			isa = PBXGroup;
			children = (
				96BC73601A9F104E0020E5A1 /* AFNetworking */,
			);
			path = AFNetworking;
			sourceTree = "<group>";
		};
		96BC73601A9F104E0020E5A1 /* AFNetworking */ = {
			isa = PBXGroup;
			children = (
				96BC73611A9F104E0020E5A1 /* AFHTTPRequestOperation.h */,
				96BC73621A9F104E0020E5A1 /* AFHTTPRequestOperation.m */,
				96BC73631A9F104E0020E5A1 /* AFHTTPRequestOperationManager.h */,
				96BC73641A9F104E0020E5A1 /* AFHTTPRequestOperationManager.m */,
				96BC73651A9F104E0020E5A1 /* AFHTTPSessionManager.h */,
				96BC73661A9F104E0020E5A1 /* AFHTTPSessionManager.m */,
				96BC73671A9F104E0020E5A1 /* AFNetworking.h */,
				96BC73681A9F104E0020E5A1 /* AFNetworkReachabilityManager.h */,
				96BC73691A9F104E0020E5A1 /* AFNetworkReachabilityManager.m */,
				96BC736A1A9F104E0020E5A1 /* AFSecurityPolicy.h */,
				96BC736B1A9F104E0020E5A1 /* AFSecurityPolicy.m */,
				96BC736C1A9F104E0020E5A1 /* AFURLConnectionOperation.h */,
				96BC736D1A9F104E0020E5A1 /* AFURLConnectionOperation.m */,
				96BC736E1A9F104E0020E5A1 /* AFURLRequestSerialization.h */,
				96BC736F1A9F104E0020E5A1 /* AFURLRequestSerialization.m */,
				96BC73701A9F104E0020E5A1 /* AFURLResponseSerialization.h */,
				96BC73711A9F104E0020E5A1 /* AFURLResponseSerialization.m */,
				96BC73721A9F104E0020E5A1 /* AFURLSessionManager.h */,
				96BC73731A9F104E0020E5A1 /* AFURLSessionManager.m */,
			);
			path = AFNetworking;
			sourceTree = "<group>";
		};
		96EA1C431B4A1D39008DF8D1 /* Network */ = {
			isa = PBXGroup;
			children = (
				96EA1C441B4A1D39008DF8D1 /* src */,
			);
			name = Network;
			path = ../../../Network;
			sourceTree = "<group>";
		};
		96EA1C441B4A1D39008DF8D1 /* src */ = {
			isa = PBXGroup;
			children = (
				96EA1C451B4A1D39008DF8D1 /* MSHTTP.h */,
				96EA1C461B4A1D39008DF8D1 /* MSHTTPRequestModel.h */,
				96EA1C471B4A1D39008DF8D1 /* MSHTTPRequestModel.m */,
				96EA1C481B4A1D39008DF8D1 /* MSHTTPResponse.h */,
				96EA1C491B4A1D39008DF8D1 /* MSHTTPResponse.m */,
				96EA1C4A1B4A1D39008DF8D1 /* MSHTTPSessionManager.h */,
				96EA1C4B1B4A1D39008DF8D1 /* MSHTTPSessionManager.m */,
				96EA1C4C1B4A1D39008DF8D1 /* MSModelProtocol.h */,
				96EA1C4D1B4A1D39008DF8D1 /* MSParseableObject+CellModel.h */,
				96EA1C4E1B4A1D39008DF8D1 /* MSParseableObject+CellModel.m */,
				96EA1C4F1B4A1D39008DF8D1 /* MSParseableObject.h */,
				96EA1C501B4A1D39008DF8D1 /* MSParseableObject.m */,
				96EA1C511B4A1D39008DF8D1 /* MSParser.h */,
			);
			path = src;
			sourceTree = "<group>";
		};
		96EA1C571B4A1D56008DF8D1 /* Core */ = {
			isa = PBXGroup;
			children = (
				96EA1C581B4A1D56008DF8D1 /* category */,
				96EA1C671B4A1D56008DF8D1 /* src */,
			);
			name = Core;
			path = ../../../Core;
			sourceTree = "<group>";
		};
		96EA1C581B4A1D56008DF8D1 /* category */ = {
			isa = PBXGroup;
			children = (
				96EA1C591B4A1D56008DF8D1 /* NSDate+Formatter.h */,
				96EA1C5A1B4A1D56008DF8D1 /* NSDate+Formatter.m */,
				96EA1C5B1B4A1D56008DF8D1 /* NSDate+String.h */,
				96EA1C5C1B4A1D56008DF8D1 /* NSDate+String.m */,
				96EA1C5D1B4A1D56008DF8D1 /* NSObject+Reflect.h */,
				96EA1C5E1B4A1D56008DF8D1 /* NSObject+Reflect.m */,
				96EA1C5F1B4A1D56008DF8D1 /* NSString+Pinyin.h */,
				96EA1C601B4A1D56008DF8D1 /* NSString+Pinyin.m */,
				96EA1C611B4A1D56008DF8D1 /* NSString+URLEncoding.h */,
				96EA1C621B4A1D56008DF8D1 /* NSString+URLEncoding.m */,
				96EA1C631B4A1D56008DF8D1 /* NSString+Utility.h */,
				96EA1C641B4A1D56008DF8D1 /* NSString+Utility.m */,
				96EA1C651B4A1D56008DF8D1 /* pinyin.c */,
				96EA1C661B4A1D56008DF8D1 /* pinyin.h */,
			);
			path = category;
			sourceTree = "<group>";
		};
		96EA1C671B4A1D56008DF8D1 /* src */ = {
			isa = PBXGroup;
			children = (
				96EA1C681B4A1D56008DF8D1 /* MSCore.h */,
				96EA1C691B4A1D56008DF8D1 /* MSCoreFileManager.h */,
				96EA1C6A1B4A1D56008DF8D1 /* MSCoreFileManager.m */,
				96EA1C6B1B4A1D56008DF8D1 /* MSCoreFunction.h */,
				96EA1C6C1B4A1D56008DF8D1 /* MSCoreFunction.m */,
				96EA1C6D1B4A1D56008DF8D1 /* MSCoreMacros.h */,
				96EA1C6E1B4A1D56008DF8D1 /* MSCoreMetrics.h */,
				96EA1C6F1B4A1D56008DF8D1 /* MSCoreMetrics.m */,
				96EA1C701B4A1D56008DF8D1 /* MSCoreSDKAvailability.h */,
				96EA1C711B4A1D56008DF8D1 /* MSCoreSDKAvailability.m */,
			);
			path = src;
			sourceTree = "<group>";
		};
		96EA1C7D1B4A1D69008DF8D1 /* tableview */ = {
			isa = PBXGroup;
			children = (
				96EA1C7E1B4A1D69008DF8D1 /* MSCellModel.h */,
				96EA1C7F1B4A1D69008DF8D1 /* MSCellUpdating.h */,
				96EA1C801B4A1D69008DF8D1 /* MSDataSource.h */,
				96EA1C811B4A1D69008DF8D1 /* MSDataSource.m */,
				96EA1C821B4A1D69008DF8D1 /* MSMutableDataSource+goupWebView.h */,
				96EA1C831B4A1D69008DF8D1 /* MSMutableDataSource+goupWebView.m */,
				96EA1C841B4A1D69008DF8D1 /* MSMutableDataSource.h */,
				96EA1C851B4A1D69008DF8D1 /* MSMutableDataSource.m */,
				96EA1C861B4A1D69008DF8D1 /* MSRefreshTableController.h */,
				96EA1C871B4A1D69008DF8D1 /* MSRefreshTableController.m */,
				96EA1C881B4A1D69008DF8D1 /* MSRefreshTableViewController.h */,
				96EA1C891B4A1D69008DF8D1 /* MSRefreshTableViewController.m */,
				96EA1C8A1B4A1D69008DF8D1 /* MSStoryboardTableController.h */,
				96EA1C8B1B4A1D69008DF8D1 /* MSStoryboardTableController.m */,
				96EA1C8C1B4A1D69008DF8D1 /* MSTableController.h */,
				96EA1C8D1B4A1D69008DF8D1 /* MSTableController.m */,
				96EA1C8E1B4A1D69008DF8D1 /* MSTableEmptyView.h */,
				96EA1C8F1B4A1D69008DF8D1 /* MSTableEmptyView.m */,
				96EA1C901B4A1D69008DF8D1 /* MSTableViewController.h */,
				96EA1C911B4A1D69008DF8D1 /* MSTableViewController.m */,
			);
			name = tableview;
			path = ../../../UI/src/tableview;
			sourceTree = "<group>";
		};
		96EA1C9B1B4A1EAC008DF8D1 /* MJRefresh */ = {
			isa = PBXGroup;
			children = (
				96EA1C9C1B4A1EAC008DF8D1 /* Base */,
				96EA1CA71B4A1EAC008DF8D1 /* Custom */,
				96EA1CBE1B4A1EAC008DF8D1 /* MJRefresh.bundle */,
				96EA1CBF1B4A1EAC008DF8D1 /* MJRefresh.h */,
				96EA1CC01B4A1EAC008DF8D1 /* MJRefreshConst.h */,
				96EA1CC11B4A1EAC008DF8D1 /* MJRefreshConst.m */,
				96EA1CC21B4A1EAC008DF8D1 /* UIScrollView+MJExtension.h */,
				96EA1CC31B4A1EAC008DF8D1 /* UIScrollView+MJExtension.m */,
				96EA1CC41B4A1EAC008DF8D1 /* UIScrollView+MJRefresh.h */,
				96EA1CC51B4A1EAC008DF8D1 /* UIScrollView+MJRefresh.m */,
				96EA1CC61B4A1EAC008DF8D1 /* UIView+MJExtension.h */,
				96EA1CC71B4A1EAC008DF8D1 /* UIView+MJExtension.m */,
			);
			path = MJRefresh;
			sourceTree = "<group>";
		};
		96EA1C9C1B4A1EAC008DF8D1 /* Base */ = {
			isa = PBXGroup;
			children = (
				96EA1C9D1B4A1EAC008DF8D1 /* MJRefreshAutoFooter.h */,
				96EA1C9E1B4A1EAC008DF8D1 /* MJRefreshAutoFooter.m */,
				96EA1C9F1B4A1EAC008DF8D1 /* MJRefreshBackFooter.h */,
				96EA1CA01B4A1EAC008DF8D1 /* MJRefreshBackFooter.m */,
				96EA1CA11B4A1EAC008DF8D1 /* MJRefreshComponent.h */,
				96EA1CA21B4A1EAC008DF8D1 /* MJRefreshComponent.m */,
				96EA1CA31B4A1EAC008DF8D1 /* MJRefreshFooter.h */,
				96EA1CA41B4A1EAC008DF8D1 /* MJRefreshFooter.m */,
				96EA1CA51B4A1EAC008DF8D1 /* MJRefreshHeader.h */,
				96EA1CA61B4A1EAC008DF8D1 /* MJRefreshHeader.m */,
			);
			path = Base;
			sourceTree = "<group>";
		};
		96EA1CA71B4A1EAC008DF8D1 /* Custom */ = {
			isa = PBXGroup;
			children = (
				96EA1CA81B4A1EAC008DF8D1 /* Footer */,
				96EA1CB71B4A1EAC008DF8D1 /* Header */,
			);
			path = Custom;
			sourceTree = "<group>";
		};
		96EA1CA81B4A1EAC008DF8D1 /* Footer */ = {
			isa = PBXGroup;
			children = (
				96EA1CA91B4A1EAC008DF8D1 /* Auto */,
				96EA1CB01B4A1EAC008DF8D1 /* Back */,
			);
			path = Footer;
			sourceTree = "<group>";
		};
		96EA1CA91B4A1EAC008DF8D1 /* Auto */ = {
			isa = PBXGroup;
			children = (
				96EA1CAA1B4A1EAC008DF8D1 /* MJRefreshAutoGifFooter.h */,
				96EA1CAB1B4A1EAC008DF8D1 /* MJRefreshAutoGifFooter.m */,
				96EA1CAC1B4A1EAC008DF8D1 /* MJRefreshAutoNormalFooter.h */,
				96EA1CAD1B4A1EAC008DF8D1 /* MJRefreshAutoNormalFooter.m */,
				96EA1CAE1B4A1EAC008DF8D1 /* MJRefreshAutoStateFooter.h */,
				96EA1CAF1B4A1EAC008DF8D1 /* MJRefreshAutoStateFooter.m */,
			);
			path = Auto;
			sourceTree = "<group>";
		};
		96EA1CB01B4A1EAC008DF8D1 /* Back */ = {
			isa = PBXGroup;
			children = (
				96EA1CB11B4A1EAC008DF8D1 /* MJRefreshBackGifFooter.h */,
				96EA1CB21B4A1EAC008DF8D1 /* MJRefreshBackGifFooter.m */,
				96EA1CB31B4A1EAC008DF8D1 /* MJRefreshBackNormalFooter.h */,
				96EA1CB41B4A1EAC008DF8D1 /* MJRefreshBackNormalFooter.m */,
				96EA1CB51B4A1EAC008DF8D1 /* MJRefreshBackStateFooter.h */,
				96EA1CB61B4A1EAC008DF8D1 /* MJRefreshBackStateFooter.m */,
			);
			path = Back;
			sourceTree = "<group>";
		};
		96EA1CB71B4A1EAC008DF8D1 /* Header */ = {
			isa = PBXGroup;
			children = (
				96EA1CB81B4A1EAC008DF8D1 /* MJRefreshGifHeader.h */,
				96EA1CB91B4A1EAC008DF8D1 /* MJRefreshGifHeader.m */,
				96EA1CBA1B4A1EAC008DF8D1 /* MJRefreshNormalHeader.h */,
				96EA1CBB1B4A1EAC008DF8D1 /* MJRefreshNormalHeader.m */,
				96EA1CBC1B4A1EAC008DF8D1 /* MJRefreshStateHeader.h */,
				96EA1CBD1B4A1EAC008DF8D1 /* MJRefreshStateHeader.m */,
			);
			path = Header;
			sourceTree = "<group>";
		};
		96EA1CDB1B4A1F2A008DF8D1 /* UI */ = {
			isa = PBXGroup;
			children = (
				96EA1CDC1B4A1F2A008DF8D1 /* MSViewController.h */,
				96EA1CDD1B4A1F2A008DF8D1 /* MSViewController.m */,
			);
			path = UI;
			sourceTree = "<group>";
		};
/* End PBXGroup section */

/* Begin PBXNativeTarget section */
		96BC73081A9F0AFB0020E5A1 /* MMTableViewDemo */ = {
			isa = PBXNativeTarget;
			buildConfigurationList = 96BC732C1A9F0AFC0020E5A1 /* Build configuration list for PBXNativeTarget "MMTableViewDemo" */;
			buildPhases = (
				96BC73051A9F0AFB0020E5A1 /* Sources */,
				96BC73061A9F0AFB0020E5A1 /* Frameworks */,
				96BC73071A9F0AFB0020E5A1 /* Resources */,
			);
			buildRules = (
			);
			dependencies = (
			);
			name = MMTableViewDemo;
			productName = MMTableViewDemo;
			productReference = 96BC73091A9F0AFB0020E5A1 /* MMTableViewDemo.app */;
			productType = "com.apple.product-type.application";
		};
		96BC73211A9F0AFC0020E5A1 /* MMTableViewDemoTests */ = {
			isa = PBXNativeTarget;
			buildConfigurationList = 96BC732F1A9F0AFC0020E5A1 /* Build configuration list for PBXNativeTarget "MMTableViewDemoTests" */;
			buildPhases = (
				96BC731E1A9F0AFC0020E5A1 /* Sources */,
				96BC731F1A9F0AFC0020E5A1 /* Frameworks */,
				96BC73201A9F0AFC0020E5A1 /* Resources */,
			);
			buildRules = (
			);
			dependencies = (
				96BC73241A9F0AFC0020E5A1 /* PBXTargetDependency */,
			);
			name = MMTableViewDemoTests;
			productName = MMTableViewDemoTests;
			productReference = 96BC73221A9F0AFC0020E5A1 /* MMTableViewDemoTests.xctest */;
			productType = "com.apple.product-type.bundle.unit-test";
		};
/* End PBXNativeTarget section */

/* Begin PBXProject section */
		96BC73011A9F0AFB0020E5A1 /* Project object */ = {
			isa = PBXProject;
			attributes = {
				LastUpgradeCheck = 0610;
				ORGANIZATIONNAME = "Mac mini 2012";
				TargetAttributes = {
					96BC73081A9F0AFB0020E5A1 = {
						CreatedOnToolsVersion = 6.1;
					};
					96BC73211A9F0AFC0020E5A1 = {
						CreatedOnToolsVersion = 6.1;
						TestTargetID = 96BC73081A9F0AFB0020E5A1;
					};
				};
			};
			buildConfigurationList = 96BC73041A9F0AFB0020E5A1 /* Build configuration list for PBXProject "MMTableViewDemo" */;
			compatibilityVersion = "Xcode 3.2";
			developmentRegion = English;
			hasScannedForEncodings = 0;
			knownRegions = (
				en,
				Base,
			);
			mainGroup = 96BC73001A9F0AFB0020E5A1;
			productRefGroup = 96BC730A1A9F0AFB0020E5A1 /* Products */;
			projectDirPath = "";
			projectRoot = "";
			targets = (
				96BC73081A9F0AFB0020E5A1 /* MMTableViewDemo */,
				96BC73211A9F0AFC0020E5A1 /* MMTableViewDemoTests */,
			);
		};
/* End PBXProject section */

/* Begin PBXResourcesBuildPhase section */
		96BC73071A9F0AFB0020E5A1 /* Resources */ = {
			isa = PBXResourcesBuildPhase;
			buildActionMask = 2147483647;
			files = (
				18309BD81AF086630057945D /* MMInfoCell.xib in Resources */,
				96BC731A1A9F0AFC0020E5A1 /* Images.xcassets in Resources */,
				1835D2FA1AF21BEF008E4FD8 /* MMInfoTableViewController.xib in Resources */,
				18309BD61AF086630057945D /* EMInfoNewsCell.xib in Resources */,
				18309BDC1AF086630057945D /* MMInfoCell3.xib in Resources */,
				18309BDA1AF086630057945D /* MMInfoCell2.xib in Resources */,
				1835D3131AF226B5008E4FD8 /* MMVIPTableViewController.xib in Resources */,
				96AF1FA51AA1BB1D0032735D /* Default-568h@2x.png in Resources */,
				96EA1CD61B4A1EAC008DF8D1 /* MJRefresh.bundle in Resources */,
				1835D2E31AF209B3008E4FD8 /* EMUIResources.bundle in Resources */,
			);
			runOnlyForDeploymentPostprocessing = 0;
		};
		96BC73201A9F0AFC0020E5A1 /* Resources */ = {
			isa = PBXResourcesBuildPhase;
			buildActionMask = 2147483647;
			files = (
			);
			runOnlyForDeploymentPostprocessing = 0;
		};
/* End PBXResourcesBuildPhase section */

/* Begin PBXSourcesBuildPhase section */
		96BC73051A9F0AFB0020E5A1 /* Sources */ = {
			isa = PBXSourcesBuildPhase;
			buildActionMask = 2147483647;
			files = (
				18309BD01AF086630057945D /* EMInfoNewsItem.m in Sources */,
				96BC73901A9F104E0020E5A1 /* AFURLSessionManager.m in Sources */,
				96EA1C531B4A1D39008DF8D1 /* MSHTTPResponse.m in Sources */,
				96BC738D1A9F104E0020E5A1 /* AFURLConnectionOperation.m in Sources */,
				1835D2F81AF21BA5008E4FD8 /* MMInfoTableViewController.m in Sources */,
				96EA1C9A1B4A1D69008DF8D1 /* MSTableViewController.m in Sources */,
				96EA1CD31B4A1EAC008DF8D1 /* MJRefreshGifHeader.m in Sources */,
				96EA1C761B4A1D56008DF8D1 /* NSString+URLEncoding.m in Sources */,
				96BC738A1A9F104E0020E5A1 /* AFHTTPSessionManager.m in Sources */,
				18309BCE1AF086630057945D /* MMMenuController.m in Sources */,
				96EA1C7C1B4A1D56008DF8D1 /* MSCoreSDKAvailability.m in Sources */,
				96EA1CCC1B4A1EAC008DF8D1 /* MJRefreshHeader.m in Sources */,
				96EA1C791B4A1D56008DF8D1 /* MSCoreFileManager.m in Sources */,
				96EA1CDE1B4A1F2A008DF8D1 /* MSViewController.m in Sources */,
				96EA1C981B4A1D69008DF8D1 /* MSTableController.m in Sources */,
				96EA1C931B4A1D69008DF8D1 /* MSMutableDataSource+goupWebView.m in Sources */,
				1835D3121AF226B5008E4FD8 /* MMVIPTableViewController.m in Sources */,
				96EA1CCD1B4A1EAC008DF8D1 /* MJRefreshAutoGifFooter.m in Sources */,
				96EA1CC91B4A1EAC008DF8D1 /* MJRefreshBackFooter.m in Sources */,
				96EA1C541B4A1D39008DF8D1 /* MSHTTPSessionManager.m in Sources */,
				96EA1C941B4A1D69008DF8D1 /* MSMutableDataSource.m in Sources */,
				96EA1CC81B4A1EAC008DF8D1 /* MJRefreshAutoFooter.m in Sources */,
				96EA1CD01B4A1EAC008DF8D1 /* MJRefreshBackGifFooter.m in Sources */,
				96BC738B1A9F104E0020E5A1 /* AFNetworkReachabilityManager.m in Sources */,
				96EA1C781B4A1D56008DF8D1 /* pinyin.c in Sources */,
				96EA1C921B4A1D69008DF8D1 /* MSDataSource.m in Sources */,
				96EA1C721B4A1D56008DF8D1 /* NSDate+Formatter.m in Sources */,
				96EA1C731B4A1D56008DF8D1 /* NSDate+String.m in Sources */,
				96EA1CCB1B4A1EAC008DF8D1 /* MJRefreshFooter.m in Sources */,
				96EA1C751B4A1D56008DF8D1 /* NSString+Pinyin.m in Sources */,
				96EA1C741B4A1D56008DF8D1 /* NSObject+Reflect.m in Sources */,
				96EA1CD81B4A1EAC008DF8D1 /* UIScrollView+MJExtension.m in Sources */,
				96EA1C961B4A1D69008DF8D1 /* MSRefreshTableViewController.m in Sources */,
				96BC738C1A9F104E0020E5A1 /* AFSecurityPolicy.m in Sources */,
				96BC73121A9F0AFC0020E5A1 /* AppDelegate.m in Sources */,
				96EA1CD51B4A1EAC008DF8D1 /* MJRefreshStateHeader.m in Sources */,
				18309BD31AF086630057945D /* MMInfoItem3.m in Sources */,
				96EA1C991B4A1D69008DF8D1 /* MSTableEmptyView.m in Sources */,
				18309BD91AF086630057945D /* MMInfoCell2.m in Sources */,
				96EA1CD91B4A1EAC008DF8D1 /* UIScrollView+MJRefresh.m in Sources */,
				96EA1C7A1B4A1D56008DF8D1 /* MSCoreFunction.m in Sources */,
				18309BCF1AF086630057945D /* MMVIPTableController.m in Sources */,
				96EA1CD71B4A1EAC008DF8D1 /* MJRefreshConst.m in Sources */,
				96BC73891A9F104E0020E5A1 /* AFHTTPRequestOperationManager.m in Sources */,
				96BC730F1A9F0AFC0020E5A1 /* main.m in Sources */,
				96EA1CCE1B4A1EAC008DF8D1 /* MJRefreshAutoNormalFooter.m in Sources */,
				18309BD41AF086630057945D /* MMInfoModel.m in Sources */,
				96EA1C551B4A1D39008DF8D1 /* MSParseableObject+CellModel.m in Sources */,
				96EA1CDA1B4A1EAC008DF8D1 /* UIView+MJExtension.m in Sources */,
				96EA1CCA1B4A1EAC008DF8D1 /* MJRefreshComponent.m in Sources */,
				96BC738E1A9F104E0020E5A1 /* AFURLRequestSerialization.m in Sources */,
				96EA1CD41B4A1EAC008DF8D1 /* MJRefreshNormalHeader.m in Sources */,
				96EA1C951B4A1D69008DF8D1 /* MSRefreshTableController.m in Sources */,
				96EA1CD11B4A1EAC008DF8D1 /* MJRefreshBackNormalFooter.m in Sources */,
				96EA1C521B4A1D39008DF8D1 /* MSHTTPRequestModel.m in Sources */,
				18309BD11AF086630057945D /* EMVIPModel.m in Sources */,
				18309BCD1AF086630057945D /* MMInfoViewController.m in Sources */,
				96EA1C971B4A1D69008DF8D1 /* MSStoryboardTableController.m in Sources */,
				96EA1CCF1B4A1EAC008DF8D1 /* MJRefreshAutoStateFooter.m in Sources */,
				96EA1C771B4A1D56008DF8D1 /* NSString+Utility.m in Sources */,
				96EA1C561B4A1D39008DF8D1 /* MSParseableObject.m in Sources */,
				96BC73881A9F104E0020E5A1 /* AFHTTPRequestOperation.m in Sources */,
				96EA1CD21B4A1EAC008DF8D1 /* MJRefreshBackStateFooter.m in Sources */,
				96EA1C7B1B4A1D56008DF8D1 /* MSCoreMetrics.m in Sources */,
				96BC738F1A9F104E0020E5A1 /* AFURLResponseSerialization.m in Sources */,
				18309BD51AF086630057945D /* EMInfoNewsCell.m in Sources */,
				18309BDB1AF086630057945D /* MMInfoCell3.m in Sources */,
				18309BD71AF086630057945D /* MMInfoCell.m in Sources */,
				18309BD21AF086630057945D /* MMInfoItem.m in Sources */,
			);
			runOnlyForDeploymentPostprocessing = 0;
		};
		96BC731E1A9F0AFC0020E5A1 /* Sources */ = {
			isa = PBXSourcesBuildPhase;
			buildActionMask = 2147483647;
			files = (
				96BC73291A9F0AFC0020E5A1 /* MMTableViewDemoTests.m in Sources */,
			);
			runOnlyForDeploymentPostprocessing = 0;
		};
/* End PBXSourcesBuildPhase section */

/* Begin PBXTargetDependency section */
		96BC73241A9F0AFC0020E5A1 /* PBXTargetDependency */ = {
			isa = PBXTargetDependency;
			target = 96BC73081A9F0AFB0020E5A1 /* MMTableViewDemo */;
			targetProxy = 96BC73231A9F0AFC0020E5A1 /* PBXContainerItemProxy */;
		};
/* End PBXTargetDependency section */

/* Begin XCBuildConfiguration section */
		96BC732A1A9F0AFC0020E5A1 /* Debug */ = {
			isa = XCBuildConfiguration;
			buildSettings = {
				ALWAYS_SEARCH_USER_PATHS = NO;
				CLANG_CXX_LANGUAGE_STANDARD = "gnu++0x";
				CLANG_CXX_LIBRARY = "libc++";
				CLANG_ENABLE_MODULES = YES;
				CLANG_ENABLE_OBJC_ARC = YES;
				CLANG_WARN_BOOL_CONVERSION = YES;
				CLANG_WARN_CONSTANT_CONVERSION = YES;
				CLANG_WARN_DIRECT_OBJC_ISA_USAGE = YES_ERROR;
				CLANG_WARN_EMPTY_BODY = YES;
				CLANG_WARN_ENUM_CONVERSION = YES;
				CLANG_WARN_INT_CONVERSION = YES;
				CLANG_WARN_OBJC_ROOT_CLASS = YES_ERROR;
				CLANG_WARN_UNREACHABLE_CODE = YES;
				CLANG_WARN__DUPLICATE_METHOD_MATCH = YES;
				"CODE_SIGN_IDENTITY[sdk=iphoneos*]" = "iPhone Developer";
				COPY_PHASE_STRIP = NO;
				ENABLE_STRICT_OBJC_MSGSEND = YES;
				GCC_C_LANGUAGE_STANDARD = gnu99;
				GCC_DYNAMIC_NO_PIC = NO;
				GCC_OPTIMIZATION_LEVEL = 0;
				GCC_PREPROCESSOR_DEFINITIONS = (
					"DEBUG=1",
					"$(inherited)",
				);
				GCC_SYMBOLS_PRIVATE_EXTERN = NO;
				GCC_WARN_64_TO_32_BIT_CONVERSION = YES;
				GCC_WARN_ABOUT_RETURN_TYPE = YES_ERROR;
				GCC_WARN_UNDECLARED_SELECTOR = YES;
				GCC_WARN_UNINITIALIZED_AUTOS = YES_AGGRESSIVE;
				GCC_WARN_UNUSED_FUNCTION = YES;
				GCC_WARN_UNUSED_VARIABLE = YES;
				IPHONEOS_DEPLOYMENT_TARGET = 8.1;
				MTL_ENABLE_DEBUG_INFO = YES;
				ONLY_ACTIVE_ARCH = YES;
				SDKROOT = iphoneos;
			};
			name = Debug;
		};
		96BC732B1A9F0AFC0020E5A1 /* Release */ = {
			isa = XCBuildConfiguration;
			buildSettings = {
				ALWAYS_SEARCH_USER_PATHS = NO;
				CLANG_CXX_LANGUAGE_STANDARD = "gnu++0x";
				CLANG_CXX_LIBRARY = "libc++";
				CLANG_ENABLE_MODULES = YES;
				CLANG_ENABLE_OBJC_ARC = YES;
				CLANG_WARN_BOOL_CONVERSION = YES;
				CLANG_WARN_CONSTANT_CONVERSION = YES;
				CLANG_WARN_DIRECT_OBJC_ISA_USAGE = YES_ERROR;
				CLANG_WARN_EMPTY_BODY = YES;
				CLANG_WARN_ENUM_CONVERSION = YES;
				CLANG_WARN_INT_CONVERSION = YES;
				CLANG_WARN_OBJC_ROOT_CLASS = YES_ERROR;
				CLANG_WARN_UNREACHABLE_CODE = YES;
				CLANG_WARN__DUPLICATE_METHOD_MATCH = YES;
				"CODE_SIGN_IDENTITY[sdk=iphoneos*]" = "iPhone Developer";
				COPY_PHASE_STRIP = YES;
				ENABLE_NS_ASSERTIONS = NO;
				ENABLE_STRICT_OBJC_MSGSEND = YES;
				GCC_C_LANGUAGE_STANDARD = gnu99;
				GCC_WARN_64_TO_32_BIT_CONVERSION = YES;
				GCC_WARN_ABOUT_RETURN_TYPE = YES_ERROR;
				GCC_WARN_UNDECLARED_SELECTOR = YES;
				GCC_WARN_UNINITIALIZED_AUTOS = YES_AGGRESSIVE;
				GCC_WARN_UNUSED_FUNCTION = YES;
				GCC_WARN_UNUSED_VARIABLE = YES;
				IPHONEOS_DEPLOYMENT_TARGET = 8.1;
				MTL_ENABLE_DEBUG_INFO = NO;
				SDKROOT = iphoneos;
				VALIDATE_PRODUCT = YES;
			};
			name = Release;
		};
		96BC732D1A9F0AFC0020E5A1 /* Debug */ = {
			isa = XCBuildConfiguration;
			buildSettings = {
				ASSETCATALOG_COMPILER_APPICON_NAME = AppIcon;
				ENABLE_STRICT_OBJC_MSGSEND = NO;
				GCC_PRECOMPILE_PREFIX_HEADER = YES;
				GCC_PREFIX_HEADER = "MMTableViewDemo/Core-Prefix.pch";
				INFOPLIST_FILE = MMTableViewDemo/Info.plist;
				IPHONEOS_DEPLOYMENT_TARGET = 7.0;
				LD_RUNPATH_SEARCH_PATHS = "$(inherited) @executable_path/Frameworks";
				PRODUCT_NAME = "$(TARGET_NAME)";
			};
			name = Debug;
		};
		96BC732E1A9F0AFC0020E5A1 /* Release */ = {
			isa = XCBuildConfiguration;
			buildSettings = {
				ASSETCATALOG_COMPILER_APPICON_NAME = AppIcon;
				ENABLE_STRICT_OBJC_MSGSEND = NO;
				GCC_PRECOMPILE_PREFIX_HEADER = YES;
				GCC_PREFIX_HEADER = "MMTableViewDemo/Core-Prefix.pch";
				INFOPLIST_FILE = MMTableViewDemo/Info.plist;
				IPHONEOS_DEPLOYMENT_TARGET = 7.0;
				LD_RUNPATH_SEARCH_PATHS = "$(inherited) @executable_path/Frameworks";
				PRODUCT_NAME = "$(TARGET_NAME)";
			};
			name = Release;
		};
		96BC73301A9F0AFC0020E5A1 /* Debug */ = {
			isa = XCBuildConfiguration;
			buildSettings = {
				BUNDLE_LOADER = "$(TEST_HOST)";
				FRAMEWORK_SEARCH_PATHS = (
					"$(SDKROOT)/Developer/Library/Frameworks",
					"$(inherited)",
				);
				GCC_PREPROCESSOR_DEFINITIONS = (
					"DEBUG=1",
					"$(inherited)",
				);
				INFOPLIST_FILE = MMTableViewDemoTests/Info.plist;
				LD_RUNPATH_SEARCH_PATHS = "$(inherited) @executable_path/Frameworks @loader_path/Frameworks";
				PRODUCT_NAME = "$(TARGET_NAME)";
				TEST_HOST = "$(BUILT_PRODUCTS_DIR)/MMTableViewDemo.app/MMTableViewDemo";
			};
			name = Debug;
		};
		96BC73311A9F0AFC0020E5A1 /* Release */ = {
			isa = XCBuildConfiguration;
			buildSettings = {
				BUNDLE_LOADER = "$(TEST_HOST)";
				FRAMEWORK_SEARCH_PATHS = (
					"$(SDKROOT)/Developer/Library/Frameworks",
					"$(inherited)",
				);
				INFOPLIST_FILE = MMTableViewDemoTests/Info.plist;
				LD_RUNPATH_SEARCH_PATHS = "$(inherited) @executable_path/Frameworks @loader_path/Frameworks";
				PRODUCT_NAME = "$(TARGET_NAME)";
				TEST_HOST = "$(BUILT_PRODUCTS_DIR)/MMTableViewDemo.app/MMTableViewDemo";
			};
			name = Release;
		};
/* End XCBuildConfiguration section */

/* Begin XCConfigurationList section */
		96BC73041A9F0AFB0020E5A1 /* Build configuration list for PBXProject "MMTableViewDemo" */ = {
			isa = XCConfigurationList;
			buildConfigurations = (
				96BC732A1A9F0AFC0020E5A1 /* Debug */,
				96BC732B1A9F0AFC0020E5A1 /* Release */,
			);
			defaultConfigurationIsVisible = 0;
			defaultConfigurationName = Release;
		};
		96BC732C1A9F0AFC0020E5A1 /* Build configuration list for PBXNativeTarget "MMTableViewDemo" */ = {
			isa = XCConfigurationList;
			buildConfigurations = (
				96BC732D1A9F0AFC0020E5A1 /* Debug */,
				96BC732E1A9F0AFC0020E5A1 /* Release */,
			);
			defaultConfigurationIsVisible = 0;
			defaultConfigurationName = Release;
		};
		96BC732F1A9F0AFC0020E5A1 /* Build configuration list for PBXNativeTarget "MMTableViewDemoTests" */ = {
			isa = XCConfigurationList;
			buildConfigurations = (
				96BC73301A9F0AFC0020E5A1 /* Debug */,
				96BC73311A9F0AFC0020E5A1 /* Release */,
			);
			defaultConfigurationIsVisible = 0;
			defaultConfigurationName = Release;
		};
/* End XCConfigurationList section */
	};
	rootObject = 96BC73011A9F0AFB0020E5A1 /* Project object */;
}
